// !$*UTF8*$!
{
	archiveVersion = 1;
	classes = {
	};
	objectVersion = 46;
	objects = {

/* Begin PBXAggregateTarget section */
		39B70FDF14DB92DA00F3DF97 /* Documentation */ = {
			isa = PBXAggregateTarget;
			buildConfigurationList = 39B70FE214DB92DA00F3DF97 /* Build configuration list for PBXAggregateTarget "Documentation" */;
			buildPhases = (
				39B70FE414DB92DE00F3DF97 /* ShellScript */,
			);
			dependencies = (
			);
			name = Documentation;
			productName = Documentation;
		};
/* End PBXAggregateTarget section */

/* Begin PBXBuildFile section */
		3916E59114D5EC14002D967A /* SRHubClientInvocation.h in Headers */ = {isa = PBXBuildFile; fileRef = 3916E52814D5EC14002D967A /* SRHubClientInvocation.h */; settings = {ATTRIBUTES = (Public, ); }; };
		3916E59214D5EC14002D967A /* SRHubClientInvocation.h in Headers */ = {isa = PBXBuildFile; fileRef = 3916E52814D5EC14002D967A /* SRHubClientInvocation.h */; settings = {ATTRIBUTES = (Public, ); }; };
		3916E59314D5EC14002D967A /* SRHubClientInvocation.m in Sources */ = {isa = PBXBuildFile; fileRef = 3916E52914D5EC14002D967A /* SRHubClientInvocation.m */; };
		3916E59414D5EC14002D967A /* SRHubClientInvocation.m in Sources */ = {isa = PBXBuildFile; fileRef = 3916E52914D5EC14002D967A /* SRHubClientInvocation.m */; };
		3916E59514D5EC14002D967A /* SRHubConnection.h in Headers */ = {isa = PBXBuildFile; fileRef = 3916E52A14D5EC14002D967A /* SRHubConnection.h */; settings = {ATTRIBUTES = (Public, ); }; };
		3916E59614D5EC14002D967A /* SRHubConnection.h in Headers */ = {isa = PBXBuildFile; fileRef = 3916E52A14D5EC14002D967A /* SRHubConnection.h */; settings = {ATTRIBUTES = (Public, ); }; };
		3916E59714D5EC14002D967A /* SRHubConnection.m in Sources */ = {isa = PBXBuildFile; fileRef = 3916E52B14D5EC14002D967A /* SRHubConnection.m */; };
		3916E59814D5EC14002D967A /* SRHubConnection.m in Sources */ = {isa = PBXBuildFile; fileRef = 3916E52B14D5EC14002D967A /* SRHubConnection.m */; };
		3916E59914D5EC14002D967A /* SRHubProxy.h in Headers */ = {isa = PBXBuildFile; fileRef = 3916E52C14D5EC14002D967A /* SRHubProxy.h */; settings = {ATTRIBUTES = (Public, ); }; };
		3916E59A14D5EC14002D967A /* SRHubProxy.h in Headers */ = {isa = PBXBuildFile; fileRef = 3916E52C14D5EC14002D967A /* SRHubProxy.h */; settings = {ATTRIBUTES = (Public, ); }; };
		3916E59B14D5EC14002D967A /* SRHubProxy.m in Sources */ = {isa = PBXBuildFile; fileRef = 3916E52D14D5EC14002D967A /* SRHubProxy.m */; };
		3916E59C14D5EC14002D967A /* SRHubProxy.m in Sources */ = {isa = PBXBuildFile; fileRef = 3916E52D14D5EC14002D967A /* SRHubProxy.m */; };
		3916E59D14D5EC14002D967A /* SRHubProxyExtensions.h in Headers */ = {isa = PBXBuildFile; fileRef = 3916E52E14D5EC14002D967A /* SRHubProxyExtensions.h */; settings = {ATTRIBUTES = (Public, ); }; };
		3916E59E14D5EC14002D967A /* SRHubProxyExtensions.h in Headers */ = {isa = PBXBuildFile; fileRef = 3916E52E14D5EC14002D967A /* SRHubProxyExtensions.h */; settings = {ATTRIBUTES = (Public, ); }; };
		3916E59F14D5EC14002D967A /* SRHubProxyExtensions.m in Sources */ = {isa = PBXBuildFile; fileRef = 3916E52F14D5EC14002D967A /* SRHubProxyExtensions.m */; };
		3916E5A014D5EC14002D967A /* SRHubProxyExtensions.m in Sources */ = {isa = PBXBuildFile; fileRef = 3916E52F14D5EC14002D967A /* SRHubProxyExtensions.m */; };
		3916E5A114D5EC14002D967A /* SRHubRegistrationData.h in Headers */ = {isa = PBXBuildFile; fileRef = 3916E53014D5EC14002D967A /* SRHubRegistrationData.h */; settings = {ATTRIBUTES = (Public, ); }; };
		3916E5A214D5EC14002D967A /* SRHubRegistrationData.h in Headers */ = {isa = PBXBuildFile; fileRef = 3916E53014D5EC14002D967A /* SRHubRegistrationData.h */; settings = {ATTRIBUTES = (Public, ); }; };
		3916E5A314D5EC14002D967A /* SRHubRegistrationData.m in Sources */ = {isa = PBXBuildFile; fileRef = 3916E53114D5EC14002D967A /* SRHubRegistrationData.m */; };
		3916E5A414D5EC14002D967A /* SRHubRegistrationData.m in Sources */ = {isa = PBXBuildFile; fileRef = 3916E53114D5EC14002D967A /* SRHubRegistrationData.m */; };
		3916E5A514D5EC14002D967A /* SRHubResult.h in Headers */ = {isa = PBXBuildFile; fileRef = 3916E53214D5EC14002D967A /* SRHubResult.h */; settings = {ATTRIBUTES = (Public, ); }; };
		3916E5A614D5EC14002D967A /* SRHubResult.h in Headers */ = {isa = PBXBuildFile; fileRef = 3916E53214D5EC14002D967A /* SRHubResult.h */; settings = {ATTRIBUTES = (Public, ); }; };
		3916E5A714D5EC14002D967A /* SRHubResult.m in Sources */ = {isa = PBXBuildFile; fileRef = 3916E53314D5EC14002D967A /* SRHubResult.m */; };
		3916E5A814D5EC14002D967A /* SRHubResult.m in Sources */ = {isa = PBXBuildFile; fileRef = 3916E53314D5EC14002D967A /* SRHubResult.m */; };
		3916E5A914D5EC14002D967A /* SRHubs.h in Headers */ = {isa = PBXBuildFile; fileRef = 3916E53414D5EC14002D967A /* SRHubs.h */; settings = {ATTRIBUTES = (Public, ); }; };
		3916E5AA14D5EC14002D967A /* SRHubs.h in Headers */ = {isa = PBXBuildFile; fileRef = 3916E53414D5EC14002D967A /* SRHubs.h */; settings = {ATTRIBUTES = (Public, ); }; };
		3916E5AB14D5EC14002D967A /* SRHubservable.h in Headers */ = {isa = PBXBuildFile; fileRef = 3916E53514D5EC14002D967A /* SRHubservable.h */; settings = {ATTRIBUTES = (Public, ); }; };
		3916E5AC14D5EC14002D967A /* SRHubservable.h in Headers */ = {isa = PBXBuildFile; fileRef = 3916E53514D5EC14002D967A /* SRHubservable.h */; settings = {ATTRIBUTES = (Public, ); }; };
		3916E5AD14D5EC14002D967A /* SRHubservable.m in Sources */ = {isa = PBXBuildFile; fileRef = 3916E53614D5EC14002D967A /* SRHubservable.m */; };
		3916E5AE14D5EC14002D967A /* SRHubservable.m in Sources */ = {isa = PBXBuildFile; fileRef = 3916E53614D5EC14002D967A /* SRHubservable.m */; };
		3916E5AF14D5EC14002D967A /* SRHubServerInvocation.h in Headers */ = {isa = PBXBuildFile; fileRef = 3916E53714D5EC14002D967A /* SRHubServerInvocation.h */; settings = {ATTRIBUTES = (Public, ); }; };
		3916E5B014D5EC14002D967A /* SRHubServerInvocation.h in Headers */ = {isa = PBXBuildFile; fileRef = 3916E53714D5EC14002D967A /* SRHubServerInvocation.h */; settings = {ATTRIBUTES = (Public, ); }; };
		3916E5B114D5EC14002D967A /* SRHubServerInvocation.m in Sources */ = {isa = PBXBuildFile; fileRef = 3916E53814D5EC14002D967A /* SRHubServerInvocation.m */; };
		3916E5B214D5EC14002D967A /* SRHubServerInvocation.m in Sources */ = {isa = PBXBuildFile; fileRef = 3916E53814D5EC14002D967A /* SRHubServerInvocation.m */; };
		3916E5B314D5EC14002D967A /* SRSubscription.h in Headers */ = {isa = PBXBuildFile; fileRef = 3916E53914D5EC14002D967A /* SRSubscription.h */; settings = {ATTRIBUTES = (Public, ); }; };
		3916E5B414D5EC14002D967A /* SRSubscription.h in Headers */ = {isa = PBXBuildFile; fileRef = 3916E53914D5EC14002D967A /* SRSubscription.h */; settings = {ATTRIBUTES = (Public, ); }; };
		3916E5B514D5EC14002D967A /* SRSubscription.m in Sources */ = {isa = PBXBuildFile; fileRef = 3916E53A14D5EC14002D967A /* SRSubscription.m */; };
		3916E5B614D5EC14002D967A /* SRSubscription.m in Sources */ = {isa = PBXBuildFile; fileRef = 3916E53A14D5EC14002D967A /* SRSubscription.m */; };
		3916E5B714D5EC14002D967A /* NSDictionary+QueryString.h in Headers */ = {isa = PBXBuildFile; fileRef = 3916E53C14D5EC14002D967A /* NSDictionary+QueryString.h */; settings = {ATTRIBUTES = (Private, ); }; };
		3916E5B814D5EC14002D967A /* NSDictionary+QueryString.h in Headers */ = {isa = PBXBuildFile; fileRef = 3916E53C14D5EC14002D967A /* NSDictionary+QueryString.h */; settings = {ATTRIBUTES = (Private, ); }; };
		3916E5B914D5EC14002D967A /* NSDictionary+QueryString.m in Sources */ = {isa = PBXBuildFile; fileRef = 3916E53D14D5EC14002D967A /* NSDictionary+QueryString.m */; };
		3916E5BA14D5EC14002D967A /* NSDictionary+QueryString.m in Sources */ = {isa = PBXBuildFile; fileRef = 3916E53D14D5EC14002D967A /* NSDictionary+QueryString.m */; };
		3916E5BB14D5EC14002D967A /* NSString+QueryString.h in Headers */ = {isa = PBXBuildFile; fileRef = 3916E53E14D5EC14002D967A /* NSString+QueryString.h */; settings = {ATTRIBUTES = (Private, ); }; };
		3916E5BC14D5EC14002D967A /* NSString+QueryString.h in Headers */ = {isa = PBXBuildFile; fileRef = 3916E53E14D5EC14002D967A /* NSString+QueryString.h */; settings = {ATTRIBUTES = (Private, ); }; };
		3916E5BD14D5EC14002D967A /* NSString+QueryString.m in Sources */ = {isa = PBXBuildFile; fileRef = 3916E53F14D5EC14002D967A /* NSString+QueryString.m */; };
		3916E5BE14D5EC14002D967A /* NSString+QueryString.m in Sources */ = {isa = PBXBuildFile; fileRef = 3916E53F14D5EC14002D967A /* NSString+QueryString.m */; };
		3916E5BF14D5EC14002D967A /* NSTimer+Blocks.h in Headers */ = {isa = PBXBuildFile; fileRef = 3916E54014D5EC14002D967A /* NSTimer+Blocks.h */; settings = {ATTRIBUTES = (Private, ); }; };
		3916E5C014D5EC14002D967A /* NSTimer+Blocks.h in Headers */ = {isa = PBXBuildFile; fileRef = 3916E54014D5EC14002D967A /* NSTimer+Blocks.h */; settings = {ATTRIBUTES = (Private, ); }; };
		3916E5C114D5EC14002D967A /* NSTimer+Blocks.m in Sources */ = {isa = PBXBuildFile; fileRef = 3916E54114D5EC14002D967A /* NSTimer+Blocks.m */; };
		3916E5C214D5EC14002D967A /* NSTimer+Blocks.m in Sources */ = {isa = PBXBuildFile; fileRef = 3916E54114D5EC14002D967A /* NSTimer+Blocks.m */; };
		3916E5C314D5EC14002D967A /* SRHttpHelper.h in Headers */ = {isa = PBXBuildFile; fileRef = 3916E54214D5EC14002D967A /* SRHttpHelper.h */; settings = {ATTRIBUTES = (Private, ); }; };
		3916E5C414D5EC14002D967A /* SRHttpHelper.h in Headers */ = {isa = PBXBuildFile; fileRef = 3916E54214D5EC14002D967A /* SRHttpHelper.h */; settings = {ATTRIBUTES = (Private, ); }; };
		3916E5C514D5EC14002D967A /* SRHttpHelper.m in Sources */ = {isa = PBXBuildFile; fileRef = 3916E54314D5EC14002D967A /* SRHttpHelper.m */; };
		3916E5C614D5EC14002D967A /* SRHttpHelper.m in Sources */ = {isa = PBXBuildFile; fileRef = 3916E54314D5EC14002D967A /* SRHttpHelper.m */; };
		3916E5C714D5EC14002D967A /* SRVersion.h in Headers */ = {isa = PBXBuildFile; fileRef = 3916E54414D5EC14002D967A /* SRVersion.h */; settings = {ATTRIBUTES = (Private, ); }; };
		3916E5C814D5EC14002D967A /* SRVersion.h in Headers */ = {isa = PBXBuildFile; fileRef = 3916E54414D5EC14002D967A /* SRVersion.h */; settings = {ATTRIBUTES = (Private, ); }; };
		3916E5C914D5EC14002D967A /* SRVersion.m in Sources */ = {isa = PBXBuildFile; fileRef = 3916E54514D5EC14002D967A /* SRVersion.m */; };
		3916E5CA14D5EC14002D967A /* SRVersion.m in Sources */ = {isa = PBXBuildFile; fileRef = 3916E54514D5EC14002D967A /* SRVersion.m */; };
		3916E5CB14D5EC14002D967A /* SignalR.h in Headers */ = {isa = PBXBuildFile; fileRef = 3916E54614D5EC14002D967A /* SignalR.h */; settings = {ATTRIBUTES = (Public, ); }; };
		3916E5CC14D5EC14002D967A /* SignalR.h in Headers */ = {isa = PBXBuildFile; fileRef = 3916E54614D5EC14002D967A /* SignalR.h */; settings = {ATTRIBUTES = (Public, ); }; };
		3916E5CD14D5EC14002D967A /* SRConnection.h in Headers */ = {isa = PBXBuildFile; fileRef = 3916E54714D5EC14002D967A /* SRConnection.h */; settings = {ATTRIBUTES = (Public, ); }; };
		3916E5CE14D5EC14002D967A /* SRConnection.h in Headers */ = {isa = PBXBuildFile; fileRef = 3916E54714D5EC14002D967A /* SRConnection.h */; settings = {ATTRIBUTES = (Public, ); }; };
		3916E5CF14D5EC14002D967A /* SRConnection.m in Sources */ = {isa = PBXBuildFile; fileRef = 3916E54814D5EC14002D967A /* SRConnection.m */; };
		3916E5D014D5EC14002D967A /* SRConnection.m in Sources */ = {isa = PBXBuildFile; fileRef = 3916E54814D5EC14002D967A /* SRConnection.m */; };
		3916E5D114D5EC14002D967A /* SRConnectionExtensions.h in Headers */ = {isa = PBXBuildFile; fileRef = 3916E54914D5EC14002D967A /* SRConnectionExtensions.h */; settings = {ATTRIBUTES = (Public, ); }; };
		3916E5D214D5EC14002D967A /* SRConnectionExtensions.h in Headers */ = {isa = PBXBuildFile; fileRef = 3916E54914D5EC14002D967A /* SRConnectionExtensions.h */; settings = {ATTRIBUTES = (Public, ); }; };
		3916E5D314D5EC14002D967A /* SRConnectionExtensions.m in Sources */ = {isa = PBXBuildFile; fileRef = 3916E54A14D5EC14002D967A /* SRConnectionExtensions.m */; };
		3916E5D414D5EC14002D967A /* SRConnectionExtensions.m in Sources */ = {isa = PBXBuildFile; fileRef = 3916E54A14D5EC14002D967A /* SRConnectionExtensions.m */; };
		3916E5D514D5EC14002D967A /* SRNegotiationResponse.h in Headers */ = {isa = PBXBuildFile; fileRef = 3916E54B14D5EC14002D967A /* SRNegotiationResponse.h */; settings = {ATTRIBUTES = (Public, ); }; };
		3916E5D614D5EC14002D967A /* SRNegotiationResponse.h in Headers */ = {isa = PBXBuildFile; fileRef = 3916E54B14D5EC14002D967A /* SRNegotiationResponse.h */; settings = {ATTRIBUTES = (Public, ); }; };
		3916E5D714D5EC14002D967A /* SRNegotiationResponse.m in Sources */ = {isa = PBXBuildFile; fileRef = 3916E54C14D5EC14002D967A /* SRNegotiationResponse.m */; };
		3916E5D814D5EC14002D967A /* SRNegotiationResponse.m in Sources */ = {isa = PBXBuildFile; fileRef = 3916E54C14D5EC14002D967A /* SRNegotiationResponse.m */; };
		3916E5D914D5EC14002D967A /* SRSignalRConfig.h in Headers */ = {isa = PBXBuildFile; fileRef = 3916E54D14D5EC14002D967A /* SRSignalRConfig.h */; settings = {ATTRIBUTES = (Public, ); }; };
		3916E5DA14D5EC14002D967A /* SRSignalRConfig.h in Headers */ = {isa = PBXBuildFile; fileRef = 3916E54D14D5EC14002D967A /* SRSignalRConfig.h */; settings = {ATTRIBUTES = (Public, ); }; };
		3916E5DB14D5EC14002D967A /* SRAutoTransport.h in Headers */ = {isa = PBXBuildFile; fileRef = 3916E54F14D5EC14002D967A /* SRAutoTransport.h */; settings = {ATTRIBUTES = (Public, ); }; };
		3916E5DC14D5EC14002D967A /* SRAutoTransport.h in Headers */ = {isa = PBXBuildFile; fileRef = 3916E54F14D5EC14002D967A /* SRAutoTransport.h */; settings = {ATTRIBUTES = (Public, ); }; };
		3916E5DD14D5EC14002D967A /* SRAutoTransport.m in Sources */ = {isa = PBXBuildFile; fileRef = 3916E55014D5EC14002D967A /* SRAutoTransport.m */; };
		3916E5DE14D5EC14002D967A /* SRAutoTransport.m in Sources */ = {isa = PBXBuildFile; fileRef = 3916E55014D5EC14002D967A /* SRAutoTransport.m */; };
		3916E5DF14D5EC14002D967A /* SRClientTransport+Constants.h in Headers */ = {isa = PBXBuildFile; fileRef = 3916E55114D5EC14002D967A /* SRClientTransport+Constants.h */; settings = {ATTRIBUTES = (Public, ); }; };
		3916E5E014D5EC14002D967A /* SRClientTransport+Constants.h in Headers */ = {isa = PBXBuildFile; fileRef = 3916E55114D5EC14002D967A /* SRClientTransport+Constants.h */; settings = {ATTRIBUTES = (Public, ); }; };
		3916E5E114D5EC14002D967A /* SRClientTransport.h in Headers */ = {isa = PBXBuildFile; fileRef = 3916E55214D5EC14002D967A /* SRClientTransport.h */; settings = {ATTRIBUTES = (Public, ); }; };
		3916E5E214D5EC14002D967A /* SRClientTransport.h in Headers */ = {isa = PBXBuildFile; fileRef = 3916E55214D5EC14002D967A /* SRClientTransport.h */; settings = {ATTRIBUTES = (Public, ); }; };
		3916E5E314D5EC14002D967A /* SRHttpBasedTransport.h in Headers */ = {isa = PBXBuildFile; fileRef = 3916E55314D5EC14002D967A /* SRHttpBasedTransport.h */; settings = {ATTRIBUTES = (Public, ); }; };
		3916E5E414D5EC14002D967A /* SRHttpBasedTransport.h in Headers */ = {isa = PBXBuildFile; fileRef = 3916E55314D5EC14002D967A /* SRHttpBasedTransport.h */; settings = {ATTRIBUTES = (Public, ); }; };
		3916E5E514D5EC14002D967A /* SRHttpBasedTransport.m in Sources */ = {isa = PBXBuildFile; fileRef = 3916E55414D5EC14002D967A /* SRHttpBasedTransport.m */; };
		3916E5E614D5EC14002D967A /* SRHttpBasedTransport.m in Sources */ = {isa = PBXBuildFile; fileRef = 3916E55414D5EC14002D967A /* SRHttpBasedTransport.m */; };
		3916E5E714D5EC14002D967A /* SRLongPollingTransport.h in Headers */ = {isa = PBXBuildFile; fileRef = 3916E55514D5EC14002D967A /* SRLongPollingTransport.h */; settings = {ATTRIBUTES = (Public, ); }; };
		3916E5E814D5EC14002D967A /* SRLongPollingTransport.h in Headers */ = {isa = PBXBuildFile; fileRef = 3916E55514D5EC14002D967A /* SRLongPollingTransport.h */; settings = {ATTRIBUTES = (Public, ); }; };
		3916E5E914D5EC14002D967A /* SRLongPollingTransport.m in Sources */ = {isa = PBXBuildFile; fileRef = 3916E55614D5EC14002D967A /* SRLongPollingTransport.m */; };
		3916E5EA14D5EC14002D967A /* SRLongPollingTransport.m in Sources */ = {isa = PBXBuildFile; fileRef = 3916E55614D5EC14002D967A /* SRLongPollingTransport.m */; };
		3916E5EB14D5EC14002D967A /* SRServerSentEventsTransport.h in Headers */ = {isa = PBXBuildFile; fileRef = 3916E55714D5EC14002D967A /* SRServerSentEventsTransport.h */; settings = {ATTRIBUTES = (Public, ); }; };
		3916E5EC14D5EC14002D967A /* SRServerSentEventsTransport.h in Headers */ = {isa = PBXBuildFile; fileRef = 3916E55714D5EC14002D967A /* SRServerSentEventsTransport.h */; settings = {ATTRIBUTES = (Public, ); }; };
		3916E5ED14D5EC14002D967A /* SRServerSentEventsTransport.m in Sources */ = {isa = PBXBuildFile; fileRef = 3916E55814D5EC14002D967A /* SRServerSentEventsTransport.m */; };
		3916E5EE14D5EC14002D967A /* SRServerSentEventsTransport.m in Sources */ = {isa = PBXBuildFile; fileRef = 3916E55814D5EC14002D967A /* SRServerSentEventsTransport.m */; };
		3916E5F314D5EC14002D967A /* AFHTTPClient.h in Headers */ = {isa = PBXBuildFile; fileRef = 3916E55D14D5EC14002D967A /* AFHTTPClient.h */; settings = {ATTRIBUTES = (); }; };
		3916E5F414D5EC14002D967A /* AFHTTPClient.h in Headers */ = {isa = PBXBuildFile; fileRef = 3916E55D14D5EC14002D967A /* AFHTTPClient.h */; settings = {ATTRIBUTES = (); }; };
		3916E5F514D5EC14002D967A /* AFHTTPClient.m in Sources */ = {isa = PBXBuildFile; fileRef = 3916E55E14D5EC14002D967A /* AFHTTPClient.m */; settings = {COMPILER_FLAGS = "-fno-objc-arc"; }; };
		3916E5F614D5EC14002D967A /* AFHTTPClient.m in Sources */ = {isa = PBXBuildFile; fileRef = 3916E55E14D5EC14002D967A /* AFHTTPClient.m */; settings = {COMPILER_FLAGS = "-fno-objc-arc"; }; };
		3916E5F714D5EC14002D967A /* AFHTTPRequestOperation.h in Headers */ = {isa = PBXBuildFile; fileRef = 3916E55F14D5EC14002D967A /* AFHTTPRequestOperation.h */; settings = {ATTRIBUTES = (); }; };
		3916E5F814D5EC14002D967A /* AFHTTPRequestOperation.h in Headers */ = {isa = PBXBuildFile; fileRef = 3916E55F14D5EC14002D967A /* AFHTTPRequestOperation.h */; settings = {ATTRIBUTES = (); }; };
		3916E5F914D5EC14002D967A /* AFHTTPRequestOperation.m in Sources */ = {isa = PBXBuildFile; fileRef = 3916E56014D5EC14002D967A /* AFHTTPRequestOperation.m */; settings = {COMPILER_FLAGS = "-fno-objc-arc"; }; };
		3916E5FA14D5EC14002D967A /* AFHTTPRequestOperation.m in Sources */ = {isa = PBXBuildFile; fileRef = 3916E56014D5EC14002D967A /* AFHTTPRequestOperation.m */; settings = {COMPILER_FLAGS = "-fno-objc-arc"; }; };
		3916E5FB14D5EC14002D967A /* AFImageRequestOperation.h in Headers */ = {isa = PBXBuildFile; fileRef = 3916E56114D5EC14002D967A /* AFImageRequestOperation.h */; settings = {ATTRIBUTES = (); }; };
		3916E5FC14D5EC14002D967A /* AFImageRequestOperation.h in Headers */ = {isa = PBXBuildFile; fileRef = 3916E56114D5EC14002D967A /* AFImageRequestOperation.h */; settings = {ATTRIBUTES = (); }; };
		3916E5FD14D5EC14002D967A /* AFImageRequestOperation.m in Sources */ = {isa = PBXBuildFile; fileRef = 3916E56214D5EC14002D967A /* AFImageRequestOperation.m */; settings = {COMPILER_FLAGS = "-fno-objc-arc"; }; };
		3916E5FE14D5EC14002D967A /* AFImageRequestOperation.m in Sources */ = {isa = PBXBuildFile; fileRef = 3916E56214D5EC14002D967A /* AFImageRequestOperation.m */; settings = {COMPILER_FLAGS = "-fno-objc-arc"; }; };
		3916E5FF14D5EC14002D967A /* AFJSONRequestOperation.h in Headers */ = {isa = PBXBuildFile; fileRef = 3916E56314D5EC14002D967A /* AFJSONRequestOperation.h */; settings = {ATTRIBUTES = (); }; };
		3916E60014D5EC14002D967A /* AFJSONRequestOperation.h in Headers */ = {isa = PBXBuildFile; fileRef = 3916E56314D5EC14002D967A /* AFJSONRequestOperation.h */; settings = {ATTRIBUTES = (); }; };
		3916E60114D5EC14002D967A /* AFJSONRequestOperation.m in Sources */ = {isa = PBXBuildFile; fileRef = 3916E56414D5EC14002D967A /* AFJSONRequestOperation.m */; settings = {COMPILER_FLAGS = "-fno-objc-arc"; }; };
		3916E60214D5EC14002D967A /* AFJSONRequestOperation.m in Sources */ = {isa = PBXBuildFile; fileRef = 3916E56414D5EC14002D967A /* AFJSONRequestOperation.m */; settings = {COMPILER_FLAGS = "-fno-objc-arc"; }; };
		3916E60314D5EC14002D967A /* AFJSONUtilities.h in Headers */ = {isa = PBXBuildFile; fileRef = 3916E56514D5EC14002D967A /* AFJSONUtilities.h */; settings = {ATTRIBUTES = (); }; };
		3916E60414D5EC14002D967A /* AFJSONUtilities.h in Headers */ = {isa = PBXBuildFile; fileRef = 3916E56514D5EC14002D967A /* AFJSONUtilities.h */; settings = {ATTRIBUTES = (); }; };
		3916E60514D5EC14002D967A /* AFJSONUtilities.m in Sources */ = {isa = PBXBuildFile; fileRef = 3916E56614D5EC14002D967A /* AFJSONUtilities.m */; settings = {COMPILER_FLAGS = "-fno-objc-arc"; }; };
		3916E60614D5EC14002D967A /* AFJSONUtilities.m in Sources */ = {isa = PBXBuildFile; fileRef = 3916E56614D5EC14002D967A /* AFJSONUtilities.m */; settings = {COMPILER_FLAGS = "-fno-objc-arc"; }; };
		3916E60714D5EC14002D967A /* AFNetworkActivityIndicatorManager.h in Headers */ = {isa = PBXBuildFile; fileRef = 3916E56714D5EC14002D967A /* AFNetworkActivityIndicatorManager.h */; settings = {ATTRIBUTES = (); }; };
		3916E60814D5EC14002D967A /* AFNetworkActivityIndicatorManager.h in Headers */ = {isa = PBXBuildFile; fileRef = 3916E56714D5EC14002D967A /* AFNetworkActivityIndicatorManager.h */; settings = {ATTRIBUTES = (); }; };
		3916E60914D5EC14002D967A /* AFNetworkActivityIndicatorManager.m in Sources */ = {isa = PBXBuildFile; fileRef = 3916E56814D5EC14002D967A /* AFNetworkActivityIndicatorManager.m */; settings = {COMPILER_FLAGS = "-fno-objc-arc"; }; };
		3916E60A14D5EC14002D967A /* AFNetworkActivityIndicatorManager.m in Sources */ = {isa = PBXBuildFile; fileRef = 3916E56814D5EC14002D967A /* AFNetworkActivityIndicatorManager.m */; settings = {COMPILER_FLAGS = "-fno-objc-arc"; }; };
		3916E60B14D5EC14002D967A /* AFNetworking.h in Headers */ = {isa = PBXBuildFile; fileRef = 3916E56914D5EC14002D967A /* AFNetworking.h */; settings = {ATTRIBUTES = (); }; };
		3916E60C14D5EC14002D967A /* AFNetworking.h in Headers */ = {isa = PBXBuildFile; fileRef = 3916E56914D5EC14002D967A /* AFNetworking.h */; settings = {ATTRIBUTES = (); }; };
		3916E60D14D5EC14002D967A /* AFPropertyListRequestOperation.h in Headers */ = {isa = PBXBuildFile; fileRef = 3916E56A14D5EC14002D967A /* AFPropertyListRequestOperation.h */; settings = {ATTRIBUTES = (); }; };
		3916E60E14D5EC14002D967A /* AFPropertyListRequestOperation.h in Headers */ = {isa = PBXBuildFile; fileRef = 3916E56A14D5EC14002D967A /* AFPropertyListRequestOperation.h */; settings = {ATTRIBUTES = (); }; };
		3916E60F14D5EC14002D967A /* AFPropertyListRequestOperation.m in Sources */ = {isa = PBXBuildFile; fileRef = 3916E56B14D5EC14002D967A /* AFPropertyListRequestOperation.m */; settings = {COMPILER_FLAGS = "-fno-objc-arc"; }; };
		3916E61014D5EC14002D967A /* AFPropertyListRequestOperation.m in Sources */ = {isa = PBXBuildFile; fileRef = 3916E56B14D5EC14002D967A /* AFPropertyListRequestOperation.m */; settings = {COMPILER_FLAGS = "-fno-objc-arc"; }; };
		3916E61114D5EC14002D967A /* AFURLConnectionOperation.h in Headers */ = {isa = PBXBuildFile; fileRef = 3916E56C14D5EC14002D967A /* AFURLConnectionOperation.h */; settings = {ATTRIBUTES = (); }; };
		3916E61214D5EC14002D967A /* AFURLConnectionOperation.h in Headers */ = {isa = PBXBuildFile; fileRef = 3916E56C14D5EC14002D967A /* AFURLConnectionOperation.h */; settings = {ATTRIBUTES = (); }; };
		3916E61314D5EC14002D967A /* AFURLConnectionOperation.m in Sources */ = {isa = PBXBuildFile; fileRef = 3916E56D14D5EC14002D967A /* AFURLConnectionOperation.m */; settings = {COMPILER_FLAGS = "-fno-objc-arc"; }; };
		3916E61414D5EC14002D967A /* AFURLConnectionOperation.m in Sources */ = {isa = PBXBuildFile; fileRef = 3916E56D14D5EC14002D967A /* AFURLConnectionOperation.m */; settings = {COMPILER_FLAGS = "-fno-objc-arc"; }; };
		3916E61514D5EC14002D967A /* AFXMLRequestOperation.h in Headers */ = {isa = PBXBuildFile; fileRef = 3916E56E14D5EC14002D967A /* AFXMLRequestOperation.h */; settings = {ATTRIBUTES = (); }; };
		3916E61614D5EC14002D967A /* AFXMLRequestOperation.h in Headers */ = {isa = PBXBuildFile; fileRef = 3916E56E14D5EC14002D967A /* AFXMLRequestOperation.h */; settings = {ATTRIBUTES = (); }; };
		3916E61714D5EC14002D967A /* AFXMLRequestOperation.m in Sources */ = {isa = PBXBuildFile; fileRef = 3916E56F14D5EC14002D967A /* AFXMLRequestOperation.m */; settings = {COMPILER_FLAGS = "-fno-objc-arc"; }; };
		3916E61814D5EC14002D967A /* AFXMLRequestOperation.m in Sources */ = {isa = PBXBuildFile; fileRef = 3916E56F14D5EC14002D967A /* AFXMLRequestOperation.m */; settings = {COMPILER_FLAGS = "-fno-objc-arc"; }; };
		3916E61D14D5EC14002D967A /* UIImageView+AFNetworking.h in Headers */ = {isa = PBXBuildFile; fileRef = 3916E57214D5EC14002D967A /* UIImageView+AFNetworking.h */; settings = {ATTRIBUTES = (); }; };
		3916E61E14D5EC14002D967A /* UIImageView+AFNetworking.h in Headers */ = {isa = PBXBuildFile; fileRef = 3916E57214D5EC14002D967A /* UIImageView+AFNetworking.h */; settings = {ATTRIBUTES = (); }; };
		3916E61F14D5EC14002D967A /* UIImageView+AFNetworking.m in Sources */ = {isa = PBXBuildFile; fileRef = 3916E57314D5EC14002D967A /* UIImageView+AFNetworking.m */; settings = {COMPILER_FLAGS = "-fno-objc-arc"; }; };
		3916E62014D5EC14002D967A /* UIImageView+AFNetworking.m in Sources */ = {isa = PBXBuildFile; fileRef = 3916E57314D5EC14002D967A /* UIImageView+AFNetworking.m */; settings = {COMPILER_FLAGS = "-fno-objc-arc"; }; };
		393651D614C6770C009A5142 /* Cocoa.framework in Frameworks */ = {isa = PBXBuildFile; fileRef = 393651C614C67465009A5142 /* Cocoa.framework */; };
		39D7633814F6F3A1008F24C9 /* NSObject+SRJSON.h in Headers */ = {isa = PBXBuildFile; fileRef = 39D7633614F6F3A1008F24C9 /* NSObject+SRJSON.h */; settings = {ATTRIBUTES = (Private, ); }; };
		39D7633914F6F3A1008F24C9 /* NSObject+SRJSON.m in Sources */ = {isa = PBXBuildFile; fileRef = 39D7633714F6F3A1008F24C9 /* NSObject+SRJSON.m */; };
		39D7633F14F6F47A008F24C9 /* NSObject+SRJSON.m in Sources */ = {isa = PBXBuildFile; fileRef = 39D7633714F6F3A1008F24C9 /* NSObject+SRJSON.m */; };
		39D7634314F6F721008F24C9 /* NSObject+SRJSON.h in Headers */ = {isa = PBXBuildFile; fileRef = 39D7633614F6F3A1008F24C9 /* NSObject+SRJSON.h */; settings = {ATTRIBUTES = (Private, ); }; };
/* End PBXBuildFile section */

/* Begin PBXFileReference section */
		390123AA14903C7D00BFD302 /* SignalR-iOS.framework */ = {isa = PBXFileReference; explicitFileType = wrapper.cfbundle; includeInIndex = 0; path = "SignalR-iOS.framework"; sourceTree = BUILT_PRODUCTS_DIR; };
		3916E52814D5EC14002D967A /* SRHubClientInvocation.h */ = {isa = PBXFileReference; fileEncoding = 4; lastKnownFileType = sourcecode.c.h; path = SRHubClientInvocation.h; sourceTree = "<group>"; };
		3916E52914D5EC14002D967A /* SRHubClientInvocation.m */ = {isa = PBXFileReference; fileEncoding = 4; lastKnownFileType = sourcecode.c.objc; path = SRHubClientInvocation.m; sourceTree = "<group>"; };
		3916E52A14D5EC14002D967A /* SRHubConnection.h */ = {isa = PBXFileReference; fileEncoding = 4; lastKnownFileType = sourcecode.c.h; path = SRHubConnection.h; sourceTree = "<group>"; };
		3916E52B14D5EC14002D967A /* SRHubConnection.m */ = {isa = PBXFileReference; fileEncoding = 4; lastKnownFileType = sourcecode.c.objc; path = SRHubConnection.m; sourceTree = "<group>"; };
		3916E52C14D5EC14002D967A /* SRHubProxy.h */ = {isa = PBXFileReference; fileEncoding = 4; lastKnownFileType = sourcecode.c.h; path = SRHubProxy.h; sourceTree = "<group>"; };
		3916E52D14D5EC14002D967A /* SRHubProxy.m */ = {isa = PBXFileReference; fileEncoding = 4; lastKnownFileType = sourcecode.c.objc; path = SRHubProxy.m; sourceTree = "<group>"; };
		3916E52E14D5EC14002D967A /* SRHubProxyExtensions.h */ = {isa = PBXFileReference; fileEncoding = 4; lastKnownFileType = sourcecode.c.h; path = SRHubProxyExtensions.h; sourceTree = "<group>"; };
		3916E52F14D5EC14002D967A /* SRHubProxyExtensions.m */ = {isa = PBXFileReference; fileEncoding = 4; lastKnownFileType = sourcecode.c.objc; path = SRHubProxyExtensions.m; sourceTree = "<group>"; };
		3916E53014D5EC14002D967A /* SRHubRegistrationData.h */ = {isa = PBXFileReference; fileEncoding = 4; lastKnownFileType = sourcecode.c.h; path = SRHubRegistrationData.h; sourceTree = "<group>"; };
		3916E53114D5EC14002D967A /* SRHubRegistrationData.m */ = {isa = PBXFileReference; fileEncoding = 4; lastKnownFileType = sourcecode.c.objc; path = SRHubRegistrationData.m; sourceTree = "<group>"; };
		3916E53214D5EC14002D967A /* SRHubResult.h */ = {isa = PBXFileReference; fileEncoding = 4; lastKnownFileType = sourcecode.c.h; path = SRHubResult.h; sourceTree = "<group>"; };
		3916E53314D5EC14002D967A /* SRHubResult.m */ = {isa = PBXFileReference; fileEncoding = 4; lastKnownFileType = sourcecode.c.objc; path = SRHubResult.m; sourceTree = "<group>"; };
		3916E53414D5EC14002D967A /* SRHubs.h */ = {isa = PBXFileReference; fileEncoding = 4; lastKnownFileType = sourcecode.c.h; path = SRHubs.h; sourceTree = "<group>"; };
		3916E53514D5EC14002D967A /* SRHubservable.h */ = {isa = PBXFileReference; fileEncoding = 4; lastKnownFileType = sourcecode.c.h; path = SRHubservable.h; sourceTree = "<group>"; };
		3916E53614D5EC14002D967A /* SRHubservable.m */ = {isa = PBXFileReference; fileEncoding = 4; lastKnownFileType = sourcecode.c.objc; path = SRHubservable.m; sourceTree = "<group>"; };
		3916E53714D5EC14002D967A /* SRHubServerInvocation.h */ = {isa = PBXFileReference; fileEncoding = 4; lastKnownFileType = sourcecode.c.h; path = SRHubServerInvocation.h; sourceTree = "<group>"; };
		3916E53814D5EC14002D967A /* SRHubServerInvocation.m */ = {isa = PBXFileReference; fileEncoding = 4; lastKnownFileType = sourcecode.c.objc; path = SRHubServerInvocation.m; sourceTree = "<group>"; };
		3916E53914D5EC14002D967A /* SRSubscription.h */ = {isa = PBXFileReference; fileEncoding = 4; lastKnownFileType = sourcecode.c.h; path = SRSubscription.h; sourceTree = "<group>"; };
		3916E53A14D5EC14002D967A /* SRSubscription.m */ = {isa = PBXFileReference; fileEncoding = 4; lastKnownFileType = sourcecode.c.objc; path = SRSubscription.m; sourceTree = "<group>"; };
		3916E53C14D5EC14002D967A /* NSDictionary+QueryString.h */ = {isa = PBXFileReference; fileEncoding = 4; lastKnownFileType = sourcecode.c.h; path = "NSDictionary+QueryString.h"; sourceTree = "<group>"; };
		3916E53D14D5EC14002D967A /* NSDictionary+QueryString.m */ = {isa = PBXFileReference; fileEncoding = 4; lastKnownFileType = sourcecode.c.objc; path = "NSDictionary+QueryString.m"; sourceTree = "<group>"; };
		3916E53E14D5EC14002D967A /* NSString+QueryString.h */ = {isa = PBXFileReference; fileEncoding = 4; lastKnownFileType = sourcecode.c.h; path = "NSString+QueryString.h"; sourceTree = "<group>"; };
		3916E53F14D5EC14002D967A /* NSString+QueryString.m */ = {isa = PBXFileReference; fileEncoding = 4; lastKnownFileType = sourcecode.c.objc; path = "NSString+QueryString.m"; sourceTree = "<group>"; };
		3916E54014D5EC14002D967A /* NSTimer+Blocks.h */ = {isa = PBXFileReference; fileEncoding = 4; lastKnownFileType = sourcecode.c.h; path = "NSTimer+Blocks.h"; sourceTree = "<group>"; };
		3916E54114D5EC14002D967A /* NSTimer+Blocks.m */ = {isa = PBXFileReference; fileEncoding = 4; lastKnownFileType = sourcecode.c.objc; path = "NSTimer+Blocks.m"; sourceTree = "<group>"; };
		3916E54214D5EC14002D967A /* SRHttpHelper.h */ = {isa = PBXFileReference; fileEncoding = 4; lastKnownFileType = sourcecode.c.h; path = SRHttpHelper.h; sourceTree = "<group>"; };
		3916E54314D5EC14002D967A /* SRHttpHelper.m */ = {isa = PBXFileReference; fileEncoding = 4; lastKnownFileType = sourcecode.c.objc; path = SRHttpHelper.m; sourceTree = "<group>"; };
		3916E54414D5EC14002D967A /* SRVersion.h */ = {isa = PBXFileReference; fileEncoding = 4; lastKnownFileType = sourcecode.c.h; path = SRVersion.h; sourceTree = "<group>"; };
		3916E54514D5EC14002D967A /* SRVersion.m */ = {isa = PBXFileReference; fileEncoding = 4; lastKnownFileType = sourcecode.c.objc; path = SRVersion.m; sourceTree = "<group>"; };
		3916E54614D5EC14002D967A /* SignalR.h */ = {isa = PBXFileReference; fileEncoding = 4; lastKnownFileType = sourcecode.c.h; path = SignalR.h; sourceTree = "<group>"; };
		3916E54714D5EC14002D967A /* SRConnection.h */ = {isa = PBXFileReference; fileEncoding = 4; lastKnownFileType = sourcecode.c.h; path = SRConnection.h; sourceTree = "<group>"; };
		3916E54814D5EC14002D967A /* SRConnection.m */ = {isa = PBXFileReference; fileEncoding = 4; lastKnownFileType = sourcecode.c.objc; path = SRConnection.m; sourceTree = "<group>"; };
		3916E54914D5EC14002D967A /* SRConnectionExtensions.h */ = {isa = PBXFileReference; fileEncoding = 4; lastKnownFileType = sourcecode.c.h; path = SRConnectionExtensions.h; sourceTree = "<group>"; };
		3916E54A14D5EC14002D967A /* SRConnectionExtensions.m */ = {isa = PBXFileReference; fileEncoding = 4; lastKnownFileType = sourcecode.c.objc; path = SRConnectionExtensions.m; sourceTree = "<group>"; };
		3916E54B14D5EC14002D967A /* SRNegotiationResponse.h */ = {isa = PBXFileReference; fileEncoding = 4; lastKnownFileType = sourcecode.c.h; path = SRNegotiationResponse.h; sourceTree = "<group>"; };
		3916E54C14D5EC14002D967A /* SRNegotiationResponse.m */ = {isa = PBXFileReference; fileEncoding = 4; lastKnownFileType = sourcecode.c.objc; path = SRNegotiationResponse.m; sourceTree = "<group>"; };
		3916E54D14D5EC14002D967A /* SRSignalRConfig.h */ = {isa = PBXFileReference; fileEncoding = 4; lastKnownFileType = sourcecode.c.h; path = SRSignalRConfig.h; sourceTree = "<group>"; };
		3916E54F14D5EC14002D967A /* SRAutoTransport.h */ = {isa = PBXFileReference; fileEncoding = 4; lastKnownFileType = sourcecode.c.h; path = SRAutoTransport.h; sourceTree = "<group>"; };
		3916E55014D5EC14002D967A /* SRAutoTransport.m */ = {isa = PBXFileReference; fileEncoding = 4; lastKnownFileType = sourcecode.c.objc; path = SRAutoTransport.m; sourceTree = "<group>"; };
		3916E55114D5EC14002D967A /* SRClientTransport+Constants.h */ = {isa = PBXFileReference; fileEncoding = 4; lastKnownFileType = sourcecode.c.h; path = "SRClientTransport+Constants.h"; sourceTree = "<group>"; };
		3916E55214D5EC14002D967A /* SRClientTransport.h */ = {isa = PBXFileReference; fileEncoding = 4; lastKnownFileType = sourcecode.c.h; path = SRClientTransport.h; sourceTree = "<group>"; };
		3916E55314D5EC14002D967A /* SRHttpBasedTransport.h */ = {isa = PBXFileReference; fileEncoding = 4; lastKnownFileType = sourcecode.c.h; path = SRHttpBasedTransport.h; sourceTree = "<group>"; };
		3916E55414D5EC14002D967A /* SRHttpBasedTransport.m */ = {isa = PBXFileReference; fileEncoding = 4; lastKnownFileType = sourcecode.c.objc; path = SRHttpBasedTransport.m; sourceTree = "<group>"; };
		3916E55514D5EC14002D967A /* SRLongPollingTransport.h */ = {isa = PBXFileReference; fileEncoding = 4; lastKnownFileType = sourcecode.c.h; path = SRLongPollingTransport.h; sourceTree = "<group>"; };
		3916E55614D5EC14002D967A /* SRLongPollingTransport.m */ = {isa = PBXFileReference; fileEncoding = 4; lastKnownFileType = sourcecode.c.objc; path = SRLongPollingTransport.m; sourceTree = "<group>"; };
		3916E55714D5EC14002D967A /* SRServerSentEventsTransport.h */ = {isa = PBXFileReference; fileEncoding = 4; lastKnownFileType = sourcecode.c.h; path = SRServerSentEventsTransport.h; sourceTree = "<group>"; };
		3916E55814D5EC14002D967A /* SRServerSentEventsTransport.m */ = {isa = PBXFileReference; fileEncoding = 4; lastKnownFileType = sourcecode.c.objc; path = SRServerSentEventsTransport.m; sourceTree = "<group>"; };
		3916E55D14D5EC14002D967A /* AFHTTPClient.h */ = {isa = PBXFileReference; fileEncoding = 4; lastKnownFileType = sourcecode.c.h; path = AFHTTPClient.h; sourceTree = "<group>"; };
		3916E55E14D5EC14002D967A /* AFHTTPClient.m */ = {isa = PBXFileReference; fileEncoding = 4; lastKnownFileType = sourcecode.c.objc; path = AFHTTPClient.m; sourceTree = "<group>"; };
		3916E55F14D5EC14002D967A /* AFHTTPRequestOperation.h */ = {isa = PBXFileReference; fileEncoding = 4; lastKnownFileType = sourcecode.c.h; path = AFHTTPRequestOperation.h; sourceTree = "<group>"; };
		3916E56014D5EC14002D967A /* AFHTTPRequestOperation.m */ = {isa = PBXFileReference; fileEncoding = 4; lastKnownFileType = sourcecode.c.objc; path = AFHTTPRequestOperation.m; sourceTree = "<group>"; };
		3916E56114D5EC14002D967A /* AFImageRequestOperation.h */ = {isa = PBXFileReference; fileEncoding = 4; lastKnownFileType = sourcecode.c.h; path = AFImageRequestOperation.h; sourceTree = "<group>"; };
		3916E56214D5EC14002D967A /* AFImageRequestOperation.m */ = {isa = PBXFileReference; fileEncoding = 4; lastKnownFileType = sourcecode.c.objc; path = AFImageRequestOperation.m; sourceTree = "<group>"; };
		3916E56314D5EC14002D967A /* AFJSONRequestOperation.h */ = {isa = PBXFileReference; fileEncoding = 4; lastKnownFileType = sourcecode.c.h; path = AFJSONRequestOperation.h; sourceTree = "<group>"; };
		3916E56414D5EC14002D967A /* AFJSONRequestOperation.m */ = {isa = PBXFileReference; fileEncoding = 4; lastKnownFileType = sourcecode.c.objc; path = AFJSONRequestOperation.m; sourceTree = "<group>"; };
		3916E56514D5EC14002D967A /* AFJSONUtilities.h */ = {isa = PBXFileReference; fileEncoding = 4; lastKnownFileType = sourcecode.c.h; path = AFJSONUtilities.h; sourceTree = "<group>"; };
		3916E56614D5EC14002D967A /* AFJSONUtilities.m */ = {isa = PBXFileReference; fileEncoding = 4; lastKnownFileType = sourcecode.c.objc; path = AFJSONUtilities.m; sourceTree = "<group>"; };
		3916E56714D5EC14002D967A /* AFNetworkActivityIndicatorManager.h */ = {isa = PBXFileReference; fileEncoding = 4; lastKnownFileType = sourcecode.c.h; path = AFNetworkActivityIndicatorManager.h; sourceTree = "<group>"; };
		3916E56814D5EC14002D967A /* AFNetworkActivityIndicatorManager.m */ = {isa = PBXFileReference; fileEncoding = 4; lastKnownFileType = sourcecode.c.objc; path = AFNetworkActivityIndicatorManager.m; sourceTree = "<group>"; };
		3916E56914D5EC14002D967A /* AFNetworking.h */ = {isa = PBXFileReference; fileEncoding = 4; lastKnownFileType = sourcecode.c.h; path = AFNetworking.h; sourceTree = "<group>"; };
		3916E56A14D5EC14002D967A /* AFPropertyListRequestOperation.h */ = {isa = PBXFileReference; fileEncoding = 4; lastKnownFileType = sourcecode.c.h; path = AFPropertyListRequestOperation.h; sourceTree = "<group>"; };
		3916E56B14D5EC14002D967A /* AFPropertyListRequestOperation.m */ = {isa = PBXFileReference; fileEncoding = 4; lastKnownFileType = sourcecode.c.objc; path = AFPropertyListRequestOperation.m; sourceTree = "<group>"; };
		3916E56C14D5EC14002D967A /* AFURLConnectionOperation.h */ = {isa = PBXFileReference; fileEncoding = 4; lastKnownFileType = sourcecode.c.h; path = AFURLConnectionOperation.h; sourceTree = "<group>"; };
		3916E56D14D5EC14002D967A /* AFURLConnectionOperation.m */ = {isa = PBXFileReference; fileEncoding = 4; lastKnownFileType = sourcecode.c.objc; path = AFURLConnectionOperation.m; sourceTree = "<group>"; };
		3916E56E14D5EC14002D967A /* AFXMLRequestOperation.h */ = {isa = PBXFileReference; fileEncoding = 4; lastKnownFileType = sourcecode.c.h; path = AFXMLRequestOperation.h; sourceTree = "<group>"; };
		3916E56F14D5EC14002D967A /* AFXMLRequestOperation.m */ = {isa = PBXFileReference; fileEncoding = 4; lastKnownFileType = sourcecode.c.objc; path = AFXMLRequestOperation.m; sourceTree = "<group>"; };
		3916E57214D5EC14002D967A /* UIImageView+AFNetworking.h */ = {isa = PBXFileReference; fileEncoding = 4; lastKnownFileType = sourcecode.c.h; path = "UIImageView+AFNetworking.h"; sourceTree = "<group>"; };
		3916E57314D5EC14002D967A /* UIImageView+AFNetworking.m */ = {isa = PBXFileReference; fileEncoding = 4; lastKnownFileType = sourcecode.c.objc; path = "UIImageView+AFNetworking.m"; sourceTree = "<group>"; };
		3916E65914D5EDE0002D967A /* UIKit.framework */ = {isa = PBXFileReference; lastKnownFileType = wrapper.framework; name = UIKit.framework; path = System/Library/Frameworks/UIKit.framework; sourceTree = SDKROOT; };
		3936505414C671C5009A5142 /* SignalR-OSX.framework */ = {isa = PBXFileReference; explicitFileType = wrapper.framework; includeInIndex = 0; path = "SignalR-OSX.framework"; sourceTree = BUILT_PRODUCTS_DIR; };
		3936505E14C671C5009A5142 /* SignalR-OSX-Info.plist */ = {isa = PBXFileReference; lastKnownFileType = text.plist.xml; path = "SignalR-OSX-Info.plist"; sourceTree = "<group>"; };
		3936506014C671C5009A5142 /* en */ = {isa = PBXFileReference; lastKnownFileType = text.plist.strings; name = en; path = en.lproj/InfoPlist.strings; sourceTree = "<group>"; };
		3936506214C671C5009A5142 /* SignalR-OSX-Prefix.pch */ = {isa = PBXFileReference; lastKnownFileType = sourcecode.c.h; path = "SignalR-OSX-Prefix.pch"; sourceTree = "<group>"; };
		393651C614C67465009A5142 /* Cocoa.framework */ = {isa = PBXFileReference; lastKnownFileType = wrapper.framework; name = Cocoa.framework; path = SDKs/MacOSX10.7.sdk/System/Library/Frameworks/Cocoa.framework; sourceTree = DEVELOPER_DIR; };
		39951B8514C64DF700B33280 /* SignalR-iOS-Info.plist */ = {isa = PBXFileReference; fileEncoding = 4; lastKnownFileType = text.plist.xml; name = "SignalR-iOS-Info.plist"; path = "SignalR-iOS/SignalR-iOS-Info.plist"; sourceTree = SOURCE_ROOT; };
		39951B8614C64DF700B33280 /* SignalR-iOS-Prefix.pch */ = {isa = PBXFileReference; fileEncoding = 4; lastKnownFileType = sourcecode.c.h; name = "SignalR-iOS-Prefix.pch"; path = "SignalR-iOS/SignalR-iOS-Prefix.pch"; sourceTree = SOURCE_ROOT; };
		39D7633614F6F3A1008F24C9 /* NSObject+SRJSON.h */ = {isa = PBXFileReference; fileEncoding = 4; lastKnownFileType = sourcecode.c.h; path = "NSObject+SRJSON.h"; sourceTree = "<group>"; };
		39D7633714F6F3A1008F24C9 /* NSObject+SRJSON.m */ = {isa = PBXFileReference; fileEncoding = 4; lastKnownFileType = sourcecode.c.objc; path = "NSObject+SRJSON.m"; sourceTree = "<group>"; };
/* End PBXFileReference section */

/* Begin PBXFrameworksBuildPhase section */
		390123A514903C7D00BFD302 /* Frameworks */ = {
			isa = PBXFrameworksBuildPhase;
			buildActionMask = 2147483647;
			files = (
			);
			runOnlyForDeploymentPostprocessing = 0;
		};
		3936505014C671C5009A5142 /* Frameworks */ = {
			isa = PBXFrameworksBuildPhase;
			buildActionMask = 2147483647;
			files = (
				393651D614C6770C009A5142 /* Cocoa.framework in Frameworks */,
			);
			runOnlyForDeploymentPostprocessing = 0;
		};
/* End PBXFrameworksBuildPhase section */

/* Begin PBXGroup section */
		3901239C14903C7D00BFD302 = {
			isa = PBXGroup;
			children = (
				3916E52614D5EC14002D967A /* SignalR.Client */,
				3916E55B14D5EC14002D967A /* Vendor */,
				390123AC14903C7D00BFD302 /* SignalR-iOS */,
				3936505C14C671C5009A5142 /* SignalR-OSX */,
				393651B914C673A2009A5142 /* Frameworks.Common */,
				393651B814C6739F009A5142 /* Frameworks.iOS */,
				3936505514C671C5009A5142 /* Frameworks.OSX */,
				390123AB14903C7D00BFD302 /* Products */,
			);
			sourceTree = "<group>";
		};
		390123AB14903C7D00BFD302 /* Products */ = {
			isa = PBXGroup;
			children = (
				390123AA14903C7D00BFD302 /* SignalR-iOS.framework */,
				3936505414C671C5009A5142 /* SignalR-OSX.framework */,
			);
			name = Products;
			sourceTree = "<group>";
		};
		390123AC14903C7D00BFD302 /* SignalR-iOS */ = {
			isa = PBXGroup;
			children = (
				390123AD14903C7D00BFD302 /* Supporting Files */,
			);
			name = "SignalR-iOS";
			path = SignalR;
			sourceTree = "<group>";
		};
		390123AD14903C7D00BFD302 /* Supporting Files */ = {
			isa = PBXGroup;
			children = (
				39951B8514C64DF700B33280 /* SignalR-iOS-Info.plist */,
				39951B8614C64DF700B33280 /* SignalR-iOS-Prefix.pch */,
			);
			name = "Supporting Files";
			sourceTree = "<group>";
		};
		3916E52614D5EC14002D967A /* SignalR.Client */ = {
			isa = PBXGroup;
			children = (
				3916E52714D5EC14002D967A /* Hubs */,
				3916E53B14D5EC14002D967A /* Infrastructure */,
				3916E54614D5EC14002D967A /* SignalR.h */,
				3916E54714D5EC14002D967A /* SRConnection.h */,
				3916E54814D5EC14002D967A /* SRConnection.m */,
				3916E54914D5EC14002D967A /* SRConnectionExtensions.h */,
				3916E54A14D5EC14002D967A /* SRConnectionExtensions.m */,
				3916E54B14D5EC14002D967A /* SRNegotiationResponse.h */,
				3916E54C14D5EC14002D967A /* SRNegotiationResponse.m */,
				3916E54D14D5EC14002D967A /* SRSignalRConfig.h */,
				3916E54E14D5EC14002D967A /* Transports */,
			);
			name = SignalR.Client;
			path = ../../SignalR.Client;
			sourceTree = "<group>";
		};
		3916E52714D5EC14002D967A /* Hubs */ = {
			isa = PBXGroup;
			children = (
				3916E52814D5EC14002D967A /* SRHubClientInvocation.h */,
				3916E52914D5EC14002D967A /* SRHubClientInvocation.m */,
				3916E52A14D5EC14002D967A /* SRHubConnection.h */,
				3916E52B14D5EC14002D967A /* SRHubConnection.m */,
				3916E52C14D5EC14002D967A /* SRHubProxy.h */,
				3916E52D14D5EC14002D967A /* SRHubProxy.m */,
				3916E52E14D5EC14002D967A /* SRHubProxyExtensions.h */,
				3916E52F14D5EC14002D967A /* SRHubProxyExtensions.m */,
				3916E53014D5EC14002D967A /* SRHubRegistrationData.h */,
				3916E53114D5EC14002D967A /* SRHubRegistrationData.m */,
				3916E53214D5EC14002D967A /* SRHubResult.h */,
				3916E53314D5EC14002D967A /* SRHubResult.m */,
				3916E53414D5EC14002D967A /* SRHubs.h */,
				3916E53514D5EC14002D967A /* SRHubservable.h */,
				3916E53614D5EC14002D967A /* SRHubservable.m */,
				3916E53714D5EC14002D967A /* SRHubServerInvocation.h */,
				3916E53814D5EC14002D967A /* SRHubServerInvocation.m */,
				3916E53914D5EC14002D967A /* SRSubscription.h */,
				3916E53A14D5EC14002D967A /* SRSubscription.m */,
			);
			path = Hubs;
			sourceTree = "<group>";
		};
		3916E53B14D5EC14002D967A /* Infrastructure */ = {
			isa = PBXGroup;
			children = (
				39D7633614F6F3A1008F24C9 /* NSObject+SRJSON.h */,
				39D7633714F6F3A1008F24C9 /* NSObject+SRJSON.m */,
				3916E53C14D5EC14002D967A /* NSDictionary+QueryString.h */,
				3916E53D14D5EC14002D967A /* NSDictionary+QueryString.m */,
				3916E53E14D5EC14002D967A /* NSString+QueryString.h */,
				3916E53F14D5EC14002D967A /* NSString+QueryString.m */,
				3916E54014D5EC14002D967A /* NSTimer+Blocks.h */,
				3916E54114D5EC14002D967A /* NSTimer+Blocks.m */,
				3916E54214D5EC14002D967A /* SRHttpHelper.h */,
				3916E54314D5EC14002D967A /* SRHttpHelper.m */,
				3916E54414D5EC14002D967A /* SRVersion.h */,
				3916E54514D5EC14002D967A /* SRVersion.m */,
			);
			path = Infrastructure;
			sourceTree = "<group>";
		};
		3916E54E14D5EC14002D967A /* Transports */ = {
			isa = PBXGroup;
			children = (
				3916E54F14D5EC14002D967A /* SRAutoTransport.h */,
				3916E55014D5EC14002D967A /* SRAutoTransport.m */,
				3916E55114D5EC14002D967A /* SRClientTransport+Constants.h */,
				3916E55214D5EC14002D967A /* SRClientTransport.h */,
				3916E55314D5EC14002D967A /* SRHttpBasedTransport.h */,
				3916E55414D5EC14002D967A /* SRHttpBasedTransport.m */,
				3916E55514D5EC14002D967A /* SRLongPollingTransport.h */,
				3916E55614D5EC14002D967A /* SRLongPollingTransport.m */,
				3916E55714D5EC14002D967A /* SRServerSentEventsTransport.h */,
				3916E55814D5EC14002D967A /* SRServerSentEventsTransport.m */,
			);
			path = Transports;
			sourceTree = "<group>";
		};
		3916E55B14D5EC14002D967A /* Vendor */ = {
			isa = PBXGroup;
			children = (
				3916E55C14D5EC14002D967A /* AFNetworking */,
			);
			name = Vendor;
			path = ../../Vendor;
			sourceTree = "<group>";
		};
		3916E55C14D5EC14002D967A /* AFNetworking */ = {
			isa = PBXGroup;
			children = (
				3916E55D14D5EC14002D967A /* AFHTTPClient.h */,
				3916E55E14D5EC14002D967A /* AFHTTPClient.m */,
				3916E55F14D5EC14002D967A /* AFHTTPRequestOperation.h */,
				3916E56014D5EC14002D967A /* AFHTTPRequestOperation.m */,
				3916E56114D5EC14002D967A /* AFImageRequestOperation.h */,
				3916E56214D5EC14002D967A /* AFImageRequestOperation.m */,
				3916E56314D5EC14002D967A /* AFJSONRequestOperation.h */,
				3916E56414D5EC14002D967A /* AFJSONRequestOperation.m */,
				3916E56514D5EC14002D967A /* AFJSONUtilities.h */,
				3916E56614D5EC14002D967A /* AFJSONUtilities.m */,
				3916E56714D5EC14002D967A /* AFNetworkActivityIndicatorManager.h */,
				3916E56814D5EC14002D967A /* AFNetworkActivityIndicatorManager.m */,
				3916E56914D5EC14002D967A /* AFNetworking.h */,
				3916E56A14D5EC14002D967A /* AFPropertyListRequestOperation.h */,
				3916E56B14D5EC14002D967A /* AFPropertyListRequestOperation.m */,
				3916E56C14D5EC14002D967A /* AFURLConnectionOperation.h */,
				3916E56D14D5EC14002D967A /* AFURLConnectionOperation.m */,
				3916E56E14D5EC14002D967A /* AFXMLRequestOperation.h */,
				3916E56F14D5EC14002D967A /* AFXMLRequestOperation.m */,
				3916E57214D5EC14002D967A /* UIImageView+AFNetworking.h */,
				3916E57314D5EC14002D967A /* UIImageView+AFNetworking.m */,
			);
			path = AFNetworking;
			sourceTree = "<group>";
		};
		3936505514C671C5009A5142 /* Frameworks.OSX */ = {
			isa = PBXGroup;
			children = (
				393651C614C67465009A5142 /* Cocoa.framework */,
			);
			name = Frameworks.OSX;
			sourceTree = "<group>";
		};
		3936505C14C671C5009A5142 /* SignalR-OSX */ = {
			isa = PBXGroup;
			children = (
				3936505D14C671C5009A5142 /* Supporting Files */,
			);
			path = "SignalR-OSX";
			sourceTree = "<group>";
		};
		3936505D14C671C5009A5142 /* Supporting Files */ = {
			isa = PBXGroup;
			children = (
				3936505E14C671C5009A5142 /* SignalR-OSX-Info.plist */,
				3936505F14C671C5009A5142 /* InfoPlist.strings */,
				3936506214C671C5009A5142 /* SignalR-OSX-Prefix.pch */,
			);
			name = "Supporting Files";
			sourceTree = "<group>";
		};
		393651B814C6739F009A5142 /* Frameworks.iOS */ = {
			isa = PBXGroup;
			children = (
				3916E65914D5EDE0002D967A /* UIKit.framework */,
			);
			name = Frameworks.iOS;
			sourceTree = "<group>";
		};
		393651B914C673A2009A5142 /* Frameworks.Common */ = {
			isa = PBXGroup;
			children = (
			);
			name = Frameworks.Common;
			sourceTree = "<group>";
		};
/* End PBXGroup section */

/* Begin PBXHeadersBuildPhase section */
		390123A614903C7D00BFD302 /* Headers */ = {
			isa = PBXHeadersBuildPhase;
			buildActionMask = 2147483647;
			files = (
				3916E59114D5EC14002D967A /* SRHubClientInvocation.h in Headers */,
				3916E59514D5EC14002D967A /* SRHubConnection.h in Headers */,
				3916E59914D5EC14002D967A /* SRHubProxy.h in Headers */,
				3916E59D14D5EC14002D967A /* SRHubProxyExtensions.h in Headers */,
				3916E5A114D5EC14002D967A /* SRHubRegistrationData.h in Headers */,
				3916E5A514D5EC14002D967A /* SRHubResult.h in Headers */,
				3916E5A914D5EC14002D967A /* SRHubs.h in Headers */,
				3916E5AB14D5EC14002D967A /* SRHubservable.h in Headers */,
				3916E5AF14D5EC14002D967A /* SRHubServerInvocation.h in Headers */,
				3916E5B314D5EC14002D967A /* SRSubscription.h in Headers */,
				3916E5CB14D5EC14002D967A /* SignalR.h in Headers */,
				3916E5CD14D5EC14002D967A /* SRConnection.h in Headers */,
				3916E5D114D5EC14002D967A /* SRConnectionExtensions.h in Headers */,
				3916E5D514D5EC14002D967A /* SRNegotiationResponse.h in Headers */,
				3916E5D914D5EC14002D967A /* SRSignalRConfig.h in Headers */,
				3916E5DB14D5EC14002D967A /* SRAutoTransport.h in Headers */,
				3916E5DF14D5EC14002D967A /* SRClientTransport+Constants.h in Headers */,
				3916E5E114D5EC14002D967A /* SRClientTransport.h in Headers */,
				3916E5E314D5EC14002D967A /* SRHttpBasedTransport.h in Headers */,
				3916E5E714D5EC14002D967A /* SRLongPollingTransport.h in Headers */,
				3916E5EB14D5EC14002D967A /* SRServerSentEventsTransport.h in Headers */,
				39D7633814F6F3A1008F24C9 /* NSObject+SRJSON.h in Headers */,
				3916E5B714D5EC14002D967A /* NSDictionary+QueryString.h in Headers */,
				3916E5BB14D5EC14002D967A /* NSString+QueryString.h in Headers */,
				3916E5BF14D5EC14002D967A /* NSTimer+Blocks.h in Headers */,
				3916E5C314D5EC14002D967A /* SRHttpHelper.h in Headers */,
				3916E5C714D5EC14002D967A /* SRVersion.h in Headers */,
				3916E5F314D5EC14002D967A /* AFHTTPClient.h in Headers */,
				3916E5F714D5EC14002D967A /* AFHTTPRequestOperation.h in Headers */,
				3916E5FB14D5EC14002D967A /* AFImageRequestOperation.h in Headers */,
				3916E5FF14D5EC14002D967A /* AFJSONRequestOperation.h in Headers */,
				3916E60314D5EC14002D967A /* AFJSONUtilities.h in Headers */,
				3916E60714D5EC14002D967A /* AFNetworkActivityIndicatorManager.h in Headers */,
				3916E60B14D5EC14002D967A /* AFNetworking.h in Headers */,
				3916E60D14D5EC14002D967A /* AFPropertyListRequestOperation.h in Headers */,
				3916E61114D5EC14002D967A /* AFURLConnectionOperation.h in Headers */,
				3916E61514D5EC14002D967A /* AFXMLRequestOperation.h in Headers */,
				3916E61D14D5EC14002D967A /* UIImageView+AFNetworking.h in Headers */,
			);
			runOnlyForDeploymentPostprocessing = 0;
		};
		3936505114C671C5009A5142 /* Headers */ = {
			isa = PBXHeadersBuildPhase;
			buildActionMask = 2147483647;
			files = (
				3916E59214D5EC14002D967A /* SRHubClientInvocation.h in Headers */,
				3916E59614D5EC14002D967A /* SRHubConnection.h in Headers */,
				3916E59A14D5EC14002D967A /* SRHubProxy.h in Headers */,
				3916E59E14D5EC14002D967A /* SRHubProxyExtensions.h in Headers */,
				3916E5A214D5EC14002D967A /* SRHubRegistrationData.h in Headers */,
				3916E5A614D5EC14002D967A /* SRHubResult.h in Headers */,
				3916E5AA14D5EC14002D967A /* SRHubs.h in Headers */,
				3916E5AC14D5EC14002D967A /* SRHubservable.h in Headers */,
				3916E5B014D5EC14002D967A /* SRHubServerInvocation.h in Headers */,
				3916E5B414D5EC14002D967A /* SRSubscription.h in Headers */,
				3916E5CC14D5EC14002D967A /* SignalR.h in Headers */,
				3916E5CE14D5EC14002D967A /* SRConnection.h in Headers */,
				3916E5D214D5EC14002D967A /* SRConnectionExtensions.h in Headers */,
				3916E5D614D5EC14002D967A /* SRNegotiationResponse.h in Headers */,
				3916E5DA14D5EC14002D967A /* SRSignalRConfig.h in Headers */,
				3916E5DC14D5EC14002D967A /* SRAutoTransport.h in Headers */,
				3916E5E014D5EC14002D967A /* SRClientTransport+Constants.h in Headers */,
				3916E5E214D5EC14002D967A /* SRClientTransport.h in Headers */,
				3916E5E414D5EC14002D967A /* SRHttpBasedTransport.h in Headers */,
				3916E5E814D5EC14002D967A /* SRLongPollingTransport.h in Headers */,
				3916E5EC14D5EC14002D967A /* SRServerSentEventsTransport.h in Headers */,
				39D7634314F6F721008F24C9 /* NSObject+SRJSON.h in Headers */,
				3916E5B814D5EC14002D967A /* NSDictionary+QueryString.h in Headers */,
				3916E5BC14D5EC14002D967A /* NSString+QueryString.h in Headers */,
				3916E5C014D5EC14002D967A /* NSTimer+Blocks.h in Headers */,
				3916E5C414D5EC14002D967A /* SRHttpHelper.h in Headers */,
				3916E5C814D5EC14002D967A /* SRVersion.h in Headers */,
				3916E5F414D5EC14002D967A /* AFHTTPClient.h in Headers */,
				3916E5F814D5EC14002D967A /* AFHTTPRequestOperation.h in Headers */,
				3916E5FC14D5EC14002D967A /* AFImageRequestOperation.h in Headers */,
				3916E60014D5EC14002D967A /* AFJSONRequestOperation.h in Headers */,
				3916E60414D5EC14002D967A /* AFJSONUtilities.h in Headers */,
				3916E60814D5EC14002D967A /* AFNetworkActivityIndicatorManager.h in Headers */,
				3916E60C14D5EC14002D967A /* AFNetworking.h in Headers */,
				3916E60E14D5EC14002D967A /* AFPropertyListRequestOperation.h in Headers */,
				3916E61214D5EC14002D967A /* AFURLConnectionOperation.h in Headers */,
				3916E61614D5EC14002D967A /* AFXMLRequestOperation.h in Headers */,
				3916E61E14D5EC14002D967A /* UIImageView+AFNetworking.h in Headers */,
			);
			runOnlyForDeploymentPostprocessing = 0;
		};
/* End PBXHeadersBuildPhase section */

/* Begin PBXNativeTarget section */
		390123A914903C7D00BFD302 /* SignalR-iOS */ = {
			isa = PBXNativeTarget;
			buildConfigurationList = 390123B514903C7D00BFD302 /* Build configuration list for PBXNativeTarget "SignalR-iOS" */;
			buildPhases = (
				390123A314903C7D00BFD302 /* ShellScript */,
				390123A414903C7D00BFD302 /* Sources */,
				390123A514903C7D00BFD302 /* Frameworks */,
				390123A614903C7D00BFD302 /* Headers */,
				390123A714903C7D00BFD302 /* Resources */,
				390123A814903C7D00BFD302 /* ShellScript */,
			);
			buildRules = (
			);
			dependencies = (
			);
			name = "SignalR-iOS";
			productName = SignalR;
			productReference = 390123AA14903C7D00BFD302 /* SignalR-iOS.framework */;
			productType = "com.apple.product-type.bundle";
		};
		3936505314C671C5009A5142 /* SignalR-OSX */ = {
			isa = PBXNativeTarget;
			buildConfigurationList = 3936506814C671C5009A5142 /* Build configuration list for PBXNativeTarget "SignalR-OSX" */;
			buildPhases = (
				3936504F14C671C5009A5142 /* Sources */,
				3936505014C671C5009A5142 /* Frameworks */,
				3936505114C671C5009A5142 /* Headers */,
				3936505214C671C5009A5142 /* Resources */,
			);
			buildRules = (
			);
			dependencies = (
			);
			name = "SignalR-OSX";
			productName = "SignalR-OSX";
			productReference = 3936505414C671C5009A5142 /* SignalR-OSX.framework */;
			productType = "com.apple.product-type.framework";
		};
/* End PBXNativeTarget section */

/* Begin PBXProject section */
		3901239E14903C7D00BFD302 /* Project object */ = {
			isa = PBXProject;
			attributes = {
				LastUpgradeCheck = 0420;
				ORGANIZATIONNAME = "DyKnow LLC";
			};
			buildConfigurationList = 390123A114903C7D00BFD302 /* Build configuration list for PBXProject "SignalR.Framework" */;
			compatibilityVersion = "Xcode 3.2";
			developmentRegion = English;
			hasScannedForEncodings = 0;
			knownRegions = (
				en,
			);
			mainGroup = 3901239C14903C7D00BFD302;
			productRefGroup = 390123AB14903C7D00BFD302 /* Products */;
			projectDirPath = "";
			projectRoot = "";
			targets = (
				390123A914903C7D00BFD302 /* SignalR-iOS */,
				3936505314C671C5009A5142 /* SignalR-OSX */,
				39B70FDF14DB92DA00F3DF97 /* Documentation */,
			);
		};
/* End PBXProject section */

/* Begin PBXResourcesBuildPhase section */
		390123A714903C7D00BFD302 /* Resources */ = {
			isa = PBXResourcesBuildPhase;
			buildActionMask = 2147483647;
			files = (
			);
			runOnlyForDeploymentPostprocessing = 0;
		};
		3936505214C671C5009A5142 /* Resources */ = {
			isa = PBXResourcesBuildPhase;
			buildActionMask = 2147483647;
			files = (
			);
			runOnlyForDeploymentPostprocessing = 0;
		};
/* End PBXResourcesBuildPhase section */

/* Begin PBXShellScriptBuildPhase section */
		390123A314903C7D00BFD302 /* ShellScript */ = {
			isa = PBXShellScriptBuildPhase;
			buildActionMask = 2147483647;
			files = (
			);
			inputPaths = (
			);
			outputPaths = (
			);
			runOnlyForDeploymentPostprocessing = 0;
			shellPath = /bin/sh;
			shellScript = "set -e\n\nset +u\nif [[ $UFW_MASTER_SCRIPT_RUNNING ]]\nthen\n    # Nothing for the slave script to do\n    exit 0\nfi\nset -u\n\nif [[ \"$SDK_NAME\" =~ ([A-Za-z]+) ]]\nthen\n    UFW_SDK_PLATFORM=${BASH_REMATCH[1]}\nelse\n    echo \"Could not find platform name from SDK_NAME: $SDK_NAME\"\n    exit 1\nfi\n\nif [[ \"$SDK_NAME\" =~ ([0-9]+.*$) ]]\nthen\n\tUFW_SDK_VERSION=${BASH_REMATCH[1]}\nelse\n    echo \"Could not find sdk version  from SDK_NAME: $SDK_NAME\"\n    exit 1\nfi\n\nif [[ \"$UFW_SDK_PLATFORM\" = \"iphoneos\" ]]\nthen\n    UFW_OTHER_PLATFORM=iphonesimulator\nelse\n    UFW_OTHER_PLATFORM=iphoneos\nfi\n\nif [[ \"$BUILT_PRODUCTS_DIR\" =~ (.*)$UFW_SDK_PLATFORM$ ]]\nthen\n    UFW_OTHER_BUILT_PRODUCTS_DIR=\"${BASH_REMATCH[1]}${UFW_OTHER_PLATFORM}\"\nelse\n    echo \"Could not find $UFW_SDK_PLATFORM in $BUILT_PRODUCTS_DIR\"\n    exit 1\nfi\n\n\n# Short-circuit if all binaries are up to date\n\nif [[ -f \"${BUILT_PRODUCTS_DIR}/${EXECUTABLE_PATH}\" ]] && \\\n   [[ -f \"${BUILT_PRODUCTS_DIR}/${PRODUCT_NAME}.embeddedframework/${EXECUTABLE_PATH}\" ]] && \\\n   [[ ! \"${BUILT_PRODUCTS_DIR}/${EXECUTABLE_PATH}\" -nt \"${BUILT_PRODUCTS_DIR}/${PRODUCT_NAME}.embeddedframework/${EXECUTABLE_PATH}\" ]]\n   [[ -f \"${UFW_OTHER_BUILT_PRODUCTS_DIR}/${EXECUTABLE_PATH}\" ]] && \\\n   [[ -f \"${UFW_OTHER_BUILT_PRODUCTS_DIR}/${PRODUCT_NAME}.embeddedframework/${EXECUTABLE_PATH}\" ]] && \\\n   [[ ! \"${UFW_OTHER_BUILT_PRODUCTS_DIR}/${EXECUTABLE_PATH}\" -nt \"${UFW_OTHER_BUILT_PRODUCTS_DIR}/${PRODUCT_NAME}.embeddedframework/${EXECUTABLE_PATH}\" ]]\nthen\n    exit 0\nfi\n\n\n# Clean other platform if needed\n\nif [[ ! -f \"${BUILT_PRODUCTS_DIR}/${EXECUTABLE_PATH}\" ]]\nthen\n\techo \"Platform \\\"$UFW_SDK_PLATFORM\\\" was cleaned recently. Cleaning \\\"$UFW_OTHER_PLATFORM\\\" as well\"\n\techo xcodebuild -project \"${PROJECT_FILE_PATH}\" -target \"${TARGET_NAME}\" -configuration \"${CONFIGURATION}\" -sdk ${UFW_OTHER_PLATFORM}${UFW_SDK_VERSION} BUILD_DIR=\"${BUILD_DIR}\" CONFIGURATION_TEMP_DIR=\"${PROJECT_TEMP_DIR}/${CONFIGURATION}-${UFW_OTHER_PLATFORM}\" clean\n\txcodebuild -project \"${PROJECT_FILE_PATH}\" -target \"${TARGET_NAME}\" -configuration \"${CONFIGURATION}\" -sdk ${UFW_OTHER_PLATFORM}${UFW_SDK_VERSION} BUILD_DIR=\"${BUILD_DIR}\" CONFIGURATION_TEMP_DIR=\"${PROJECT_TEMP_DIR}/${CONFIGURATION}-${UFW_OTHER_PLATFORM}\" clean\nfi\n\n\n# Make sure we are building from fresh binaries\n\nrm -rf \"${BUILT_PRODUCTS_DIR}/${EXECUTABLE_PATH}\"\nrm -rf \"${BUILT_PRODUCTS_DIR}/${PRODUCT_NAME}.embeddedframework\"\nrm -rf \"${UFW_OTHER_BUILT_PRODUCTS_DIR}/${EXECUTABLE_PATH}\"\nrm -rf \"${UFW_OTHER_BUILT_PRODUCTS_DIR}/${PRODUCT_NAME}.embeddedframework\"\n";
		};
		390123A814903C7D00BFD302 /* ShellScript */ = {
			isa = PBXShellScriptBuildPhase;
			buildActionMask = 2147483647;
			files = (
			);
			inputPaths = (
			);
			outputPaths = (
			);
			runOnlyForDeploymentPostprocessing = 0;
			shellPath = /bin/sh;
			shellScript = "set -e\n\nset +u\nif [[ $UFW_MASTER_SCRIPT_RUNNING ]]\nthen\n    # Nothing for the slave script to do\n    exit 0\nfi\nset -u\nexport UFW_MASTER_SCRIPT_RUNNING=1\n\n\n# Functions\n\n## List files in the specified directory, storing to the specified array.\n#\n# @param $1 The path to list\n# @param $2 The name of the array to fill\n#\n##\nlist_files ()\n{\n    filelist=$(ls \"$1\")\n    while read line\n    do\n        eval \"$2[\\${#$2[*]}]=\\\"\\$line\\\"\"\n    done <<< \"$filelist\"\n}\n\n\n# Sanity check\n\nif [[ ! -f \"${BUILT_PRODUCTS_DIR}/${EXECUTABLE_PATH}\" ]]\nthen\n    echo \"Framework target \\\"${TARGET_NAME}\\\" had no source files to build from. Make sure your source files have the correct target membership\"\n    exit 1\nfi\n\n\n# Gather information\n\nif [[ \"$SDK_NAME\" =~ ([A-Za-z]+) ]]\nthen\n    UFW_SDK_PLATFORM=${BASH_REMATCH[1]}\nelse\n    echo \"Could not find platform name from SDK_NAME: $SDK_NAME\"\n    exit 1\nfi\n\nif [[ \"$SDK_NAME\" =~ ([0-9]+.*$) ]]\nthen\n    UFW_SDK_VERSION=${BASH_REMATCH[1]}\nelse\n    echo \"Could not find sdk version from SDK_NAME: $SDK_NAME\"\n    exit 1\nfi\n\nif [[ \"$UFW_SDK_PLATFORM\" = \"iphoneos\" ]]\nthen\n    UFW_OTHER_PLATFORM=iphonesimulator\nelse\n    UFW_OTHER_PLATFORM=iphoneos\nfi\n\nif [[ \"$BUILT_PRODUCTS_DIR\" =~ (.*)$UFW_SDK_PLATFORM$ ]]\nthen\n    UFW_OTHER_BUILT_PRODUCTS_DIR=\"${BASH_REMATCH[1]}${UFW_OTHER_PLATFORM}\"\nelse\n    echo \"Could not find $UFW_SDK_PLATFORM in $BUILT_PRODUCTS_DIR\"\n    exit 1\nfi\n\n\n# Short-circuit if all binaries are up to date.\n# We already checked the other platform in the prerun script.\n\nif [[ -f \"${BUILT_PRODUCTS_DIR}/${EXECUTABLE_PATH}\" ]] && [[ -f \"${BUILT_PRODUCTS_DIR}/${PRODUCT_NAME}.embeddedframework/${EXECUTABLE_PATH}\" ]] && [[ ! \"${BUILT_PRODUCTS_DIR}/${EXECUTABLE_PATH}\" -nt \"${BUILT_PRODUCTS_DIR}/${PRODUCT_NAME}.embeddedframework/${EXECUTABLE_PATH}\" ]]\nthen\n    exit 0\nfi\n\n\n# Make sure the other platform gets built\n\necho \"Build other platform\"\n\necho xcodebuild -project \"${PROJECT_FILE_PATH}\" -target \"${TARGET_NAME}\" -configuration \"${CONFIGURATION}\" -sdk ${UFW_OTHER_PLATFORM}${UFW_SDK_VERSION} BUILD_DIR=\"${BUILD_DIR}\" CONFIGURATION_TEMP_DIR=\"${PROJECT_TEMP_DIR}/${CONFIGURATION}-${UFW_OTHER_PLATFORM}\" $ACTION\nxcodebuild -project \"${PROJECT_FILE_PATH}\" -target \"${TARGET_NAME}\" -configuration \"${CONFIGURATION}\" -sdk ${UFW_OTHER_PLATFORM}${UFW_SDK_VERSION} BUILD_DIR=\"${BUILD_DIR}\" CONFIGURATION_TEMP_DIR=\"${PROJECT_TEMP_DIR}/${CONFIGURATION}-${UFW_OTHER_PLATFORM}\" $ACTION\n\n\n# Build the fat static library binary\n\necho \"Create universal static library\"\n\necho \"$PLATFORM_DEVELOPER_BIN_DIR/libtool\" -static \"${BUILT_PRODUCTS_DIR}/${EXECUTABLE_PATH}\" \"${UFW_OTHER_BUILT_PRODUCTS_DIR}/${EXECUTABLE_PATH}\" -o \"${BUILT_PRODUCTS_DIR}/${EXECUTABLE_PATH}.temp\"\n\"$PLATFORM_DEVELOPER_BIN_DIR/libtool\" -static \"${BUILT_PRODUCTS_DIR}/${EXECUTABLE_PATH}\" \"${UFW_OTHER_BUILT_PRODUCTS_DIR}/${EXECUTABLE_PATH}\" -o \"${BUILT_PRODUCTS_DIR}/${EXECUTABLE_PATH}.temp\"\n\necho mv \"${BUILT_PRODUCTS_DIR}/${EXECUTABLE_PATH}.temp\" \"${BUILT_PRODUCTS_DIR}/${EXECUTABLE_PATH}\"\nmv \"${BUILT_PRODUCTS_DIR}/${EXECUTABLE_PATH}.temp\" \"${BUILT_PRODUCTS_DIR}/${EXECUTABLE_PATH}\"\n\n\n# Build framework structure\n\necho \"Build symlinks\"\n\necho ln -sf A \"${BUILT_PRODUCTS_DIR}/${WRAPPER_NAME}/Versions/Current\"\nln -sf A \"${BUILT_PRODUCTS_DIR}/${WRAPPER_NAME}/Versions/Current\"\necho ln -sf Versions/Current/Headers \"${BUILT_PRODUCTS_DIR}/${WRAPPER_NAME}/Headers\"\nln -sf Versions/Current/Headers \"${BUILT_PRODUCTS_DIR}/${WRAPPER_NAME}/Headers\"\necho ln -sf Versions/Current/Resources \"${BUILT_PRODUCTS_DIR}/${WRAPPER_NAME}/Resources\"\nln -sf Versions/Current/Resources \"${BUILT_PRODUCTS_DIR}/${WRAPPER_NAME}/Resources\"\necho ln -sf \"Versions/Current/${EXECUTABLE_NAME}\" \"${BUILT_PRODUCTS_DIR}/${WRAPPER_NAME}/${EXECUTABLE_NAME}\"\nln -sf \"Versions/Current/${EXECUTABLE_NAME}\" \"${BUILT_PRODUCTS_DIR}/${WRAPPER_NAME}/${EXECUTABLE_NAME}\"\n\n\n# Link to binary for unit tests\n\nmkdir -p \"${BUILT_PRODUCTS_DIR}/.fake_fw_testing.framework\"\nln -sf \"../${WRAPPER_NAME}/${EXECUTABLE_NAME}\" \"${BUILT_PRODUCTS_DIR}/.fake_fw_testing.framework/.fake_fw_testing\"\n\n\n# Build embedded framework structure\n\necho \"Build Embedded Framework\"\n\necho rm -rf \"${BUILT_PRODUCTS_DIR}/${PRODUCT_NAME}.embeddedframework\"\nrm -rf \"${BUILT_PRODUCTS_DIR}/${PRODUCT_NAME}.embeddedframework\"\necho mkdir -p \"${BUILT_PRODUCTS_DIR}/${PRODUCT_NAME}.embeddedframework/Resources\"\nmkdir -p \"${BUILT_PRODUCTS_DIR}/${PRODUCT_NAME}.embeddedframework/Resources\"\necho cp -a \"${BUILT_PRODUCTS_DIR}/${WRAPPER_NAME}\" \"${BUILT_PRODUCTS_DIR}/${PRODUCT_NAME}.embeddedframework/\"\ncp -a \"${BUILT_PRODUCTS_DIR}/${WRAPPER_NAME}\" \"${BUILT_PRODUCTS_DIR}/${PRODUCT_NAME}.embeddedframework/\"\n\ndeclare -a UFW_FILE_LIST\nlist_files \"${BUILT_PRODUCTS_DIR}/${UNLOCALIZED_RESOURCES_FOLDER_PATH}\" UFW_FILE_LIST\nfor filename in \"${UFW_FILE_LIST[@]}\"\ndo\n    if [[ \"${filename}\" != \"Info.plist\" ]] && [[ ! \"${filename}\" =~ .*\\.lproj$ ]]\n    then\n        echo ln -sf \"../${WRAPPER_NAME}/Resources/${filename}\" \"${BUILT_PRODUCTS_DIR}/${PRODUCT_NAME}.embeddedframework/Resources/${filename}\"\n        ln -sf \"../${WRAPPER_NAME}/Resources/${filename}\" \"${BUILT_PRODUCTS_DIR}/${PRODUCT_NAME}.embeddedframework/Resources/${filename}\"\n    fi\ndone\n\n\n# Replace other platform's framework with a copy of this one (so that both have the same universal binary)\n\necho \"Copy from $UFW_SDK_PLATFORM to $UFW_OTHER_PLATFORM\"\n\necho rm -rf \"${BUILD_DIR}/${CONFIGURATION}-${UFW_OTHER_PLATFORM}\"\nrm -rf \"${BUILD_DIR}/${CONFIGURATION}-${UFW_OTHER_PLATFORM}\"\necho cp -a \"${BUILD_DIR}/${CONFIGURATION}-${UFW_SDK_PLATFORM}\" \"${BUILD_DIR}/${CONFIGURATION}-${UFW_OTHER_PLATFORM}\"\ncp -a \"${BUILD_DIR}/${CONFIGURATION}-${UFW_SDK_PLATFORM}\" \"${BUILD_DIR}/${CONFIGURATION}-${UFW_OTHER_PLATFORM}\"\n";
		};
		39B70FE414DB92DE00F3DF97 /* ShellScript */ = {
			isa = PBXShellScriptBuildPhase;
			buildActionMask = 2147483647;
			files = (
			);
			inputPaths = (
			);
			outputPaths = (
			);
			runOnlyForDeploymentPostprocessing = 0;
			shellPath = /bin/sh;
			shellScript = "/usr/local/bin/appledoc \\\n--project-name \"SignalR-ObjC\" \\\n--project-company \"DyKnow\" \\\n--company-id \"com.dyknow\" \\\n--docset-atom-filename \"SignalR-ObjC.atom\" \\\n--docset-feed-url \"http://dyknow.github.com/SignalR-ObjC/%DOCSETATOMFILENAME\" \\\n--docset-package-url \"http://dyknow.github.com/SignalR-ObjC/%DOCSETPACKAGEFILENAME\" \\\n--docset-fallback-url \"http://dyknow.github.com/SignalR-ObjC/\" \\\n--output \"~/Documentation/SignalR-ObjC\" \\\n--publish-docset \\\n--logformat xcode \\\n--keep-undocumented-objects \\\n--keep-undocumented-members \\\n--keep-intermediate-files \\\n--no-repeat-first-par \\\n--no-warn-invalid-crossref \\\n--ignore \"*.m\" \\\n\"${PROJECT_DIR}/../../SignalR.Client\"";
		};
/* End PBXShellScriptBuildPhase section */

/* Begin PBXSourcesBuildPhase section */
		390123A414903C7D00BFD302 /* Sources */ = {
			isa = PBXSourcesBuildPhase;
			buildActionMask = 2147483647;
			files = (
				3916E59314D5EC14002D967A /* SRHubClientInvocation.m in Sources */,
				3916E59714D5EC14002D967A /* SRHubConnection.m in Sources */,
				3916E59B14D5EC14002D967A /* SRHubProxy.m in Sources */,
				3916E59F14D5EC14002D967A /* SRHubProxyExtensions.m in Sources */,
				3916E5A314D5EC14002D967A /* SRHubRegistrationData.m in Sources */,
				3916E5A714D5EC14002D967A /* SRHubResult.m in Sources */,
				3916E5AD14D5EC14002D967A /* SRHubservable.m in Sources */,
				3916E5B114D5EC14002D967A /* SRHubServerInvocation.m in Sources */,
				3916E5B514D5EC14002D967A /* SRSubscription.m in Sources */,
				3916E5B914D5EC14002D967A /* NSDictionary+QueryString.m in Sources */,
				3916E5BD14D5EC14002D967A /* NSString+QueryString.m in Sources */,
				3916E5C114D5EC14002D967A /* NSTimer+Blocks.m in Sources */,
				3916E5C514D5EC14002D967A /* SRHttpHelper.m in Sources */,
				3916E5C914D5EC14002D967A /* SRVersion.m in Sources */,
				3916E5CF14D5EC14002D967A /* SRConnection.m in Sources */,
				3916E5D314D5EC14002D967A /* SRConnectionExtensions.m in Sources */,
				3916E5D714D5EC14002D967A /* SRNegotiationResponse.m in Sources */,
				3916E5DD14D5EC14002D967A /* SRAutoTransport.m in Sources */,
				3916E5E514D5EC14002D967A /* SRHttpBasedTransport.m in Sources */,
				3916E5E914D5EC14002D967A /* SRLongPollingTransport.m in Sources */,
				3916E5ED14D5EC14002D967A /* SRServerSentEventsTransport.m in Sources */,
				3916E5F514D5EC14002D967A /* AFHTTPClient.m in Sources */,
				3916E5F914D5EC14002D967A /* AFHTTPRequestOperation.m in Sources */,
				3916E5FD14D5EC14002D967A /* AFImageRequestOperation.m in Sources */,
				3916E60114D5EC14002D967A /* AFJSONRequestOperation.m in Sources */,
				3916E60514D5EC14002D967A /* AFJSONUtilities.m in Sources */,
				3916E60914D5EC14002D967A /* AFNetworkActivityIndicatorManager.m in Sources */,
				3916E60F14D5EC14002D967A /* AFPropertyListRequestOperation.m in Sources */,
				3916E61314D5EC14002D967A /* AFURLConnectionOperation.m in Sources */,
				3916E61714D5EC14002D967A /* AFXMLRequestOperation.m in Sources */,
				3916E61F14D5EC14002D967A /* UIImageView+AFNetworking.m in Sources */,
				39D7633914F6F3A1008F24C9 /* NSObject+SRJSON.m in Sources */,
			);
			runOnlyForDeploymentPostprocessing = 0;
		};
		3936504F14C671C5009A5142 /* Sources */ = {
			isa = PBXSourcesBuildPhase;
			buildActionMask = 2147483647;
			files = (
				3916E59414D5EC14002D967A /* SRHubClientInvocation.m in Sources */,
				3916E59814D5EC14002D967A /* SRHubConnection.m in Sources */,
				3916E59C14D5EC14002D967A /* SRHubProxy.m in Sources */,
				3916E5A014D5EC14002D967A /* SRHubProxyExtensions.m in Sources */,
				3916E5A414D5EC14002D967A /* SRHubRegistrationData.m in Sources */,
				3916E5A814D5EC14002D967A /* SRHubResult.m in Sources */,
				3916E5AE14D5EC14002D967A /* SRHubservable.m in Sources */,
				3916E5B214D5EC14002D967A /* SRHubServerInvocation.m in Sources */,
				3916E5B614D5EC14002D967A /* SRSubscription.m in Sources */,
				3916E5BA14D5EC14002D967A /* NSDictionary+QueryString.m in Sources */,
				3916E5BE14D5EC14002D967A /* NSString+QueryString.m in Sources */,
				3916E5C214D5EC14002D967A /* NSTimer+Blocks.m in Sources */,
				3916E5C614D5EC14002D967A /* SRHttpHelper.m in Sources */,
				3916E5CA14D5EC14002D967A /* SRVersion.m in Sources */,
				3916E5D014D5EC14002D967A /* SRConnection.m in Sources */,
				3916E5D414D5EC14002D967A /* SRConnectionExtensions.m in Sources */,
				3916E5D814D5EC14002D967A /* SRNegotiationResponse.m in Sources */,
				3916E5DE14D5EC14002D967A /* SRAutoTransport.m in Sources */,
				3916E5E614D5EC14002D967A /* SRHttpBasedTransport.m in Sources */,
				3916E5EA14D5EC14002D967A /* SRLongPollingTransport.m in Sources */,
				3916E5EE14D5EC14002D967A /* SRServerSentEventsTransport.m in Sources */,
				3916E5F614D5EC14002D967A /* AFHTTPClient.m in Sources */,
				3916E5FA14D5EC14002D967A /* AFHTTPRequestOperation.m in Sources */,
				3916E5FE14D5EC14002D967A /* AFImageRequestOperation.m in Sources */,
				3916E60214D5EC14002D967A /* AFJSONRequestOperation.m in Sources */,
				3916E60614D5EC14002D967A /* AFJSONUtilities.m in Sources */,
				3916E60A14D5EC14002D967A /* AFNetworkActivityIndicatorManager.m in Sources */,
				3916E61014D5EC14002D967A /* AFPropertyListRequestOperation.m in Sources */,
				3916E61414D5EC14002D967A /* AFURLConnectionOperation.m in Sources */,
				3916E61814D5EC14002D967A /* AFXMLRequestOperation.m in Sources */,
				3916E62014D5EC14002D967A /* UIImageView+AFNetworking.m in Sources */,
				39D7633F14F6F47A008F24C9 /* NSObject+SRJSON.m in Sources */,
			);
			runOnlyForDeploymentPostprocessing = 0;
		};
/* End PBXSourcesBuildPhase section */

/* Begin PBXVariantGroup section */
		3936505F14C671C5009A5142 /* InfoPlist.strings */ = {
			isa = PBXVariantGroup;
			children = (
				3936506014C671C5009A5142 /* en */,
			);
			name = InfoPlist.strings;
			sourceTree = "<group>";
		};
/* End PBXVariantGroup section */

/* Begin XCBuildConfiguration section */
		390123B314903C7D00BFD302 /* Debug */ = {
			isa = XCBuildConfiguration;
			buildSettings = {
				ALWAYS_SEARCH_USER_PATHS = NO;
				ARCHS = "$(ARCHS_STANDARD_32_BIT)";
				CLANG_ENABLE_OBJC_ARC = YES;
				COPY_PHASE_STRIP = NO;
				GCC_C_LANGUAGE_STANDARD = gnu99;
				GCC_DYNAMIC_NO_PIC = NO;
				GCC_OPTIMIZATION_LEVEL = 0;
				GCC_PREPROCESSOR_DEFINITIONS = (
					"DEBUG=1",
					"$(inherited)",
				);
				GCC_SYMBOLS_PRIVATE_EXTERN = NO;
				GCC_VERSION = com.apple.compilers.llvm.clang.1_0;
				GCC_WARN_ABOUT_MISSING_PROTOTYPES = YES;
				GCC_WARN_ABOUT_RETURN_TYPE = YES;
				GCC_WARN_UNUSED_VARIABLE = YES;
				IPHONEOS_DEPLOYMENT_TARGET = 5.0;
				MACOSX_DEPLOYMENT_TARGET = 10.7;
				SDKROOT = iphoneos;
			};
			name = Debug;
		};
		390123B414903C7D00BFD302 /* Release */ = {
			isa = XCBuildConfiguration;
			buildSettings = {
				ALWAYS_SEARCH_USER_PATHS = NO;
				ARCHS = "$(ARCHS_STANDARD_32_BIT)";
				CLANG_ENABLE_OBJC_ARC = YES;
				COPY_PHASE_STRIP = YES;
				GCC_C_LANGUAGE_STANDARD = gnu99;
				GCC_VERSION = com.apple.compilers.llvm.clang.1_0;
				GCC_WARN_ABOUT_MISSING_PROTOTYPES = YES;
				GCC_WARN_ABOUT_RETURN_TYPE = YES;
				GCC_WARN_UNUSED_VARIABLE = YES;
				IPHONEOS_DEPLOYMENT_TARGET = 5.0;
				MACOSX_DEPLOYMENT_TARGET = 10.7;
				SDKROOT = iphoneos;
				VALIDATE_PRODUCT = NO;
			};
			name = Release;
		};
		390123B614903C7D00BFD302 /* Debug */ = {
			isa = XCBuildConfiguration;
			buildSettings = {
				CONTENTS_FOLDER_PATH = "$(WRAPPER_NAME)/Versions/$(FRAMEWORK_VERSION)";
				DEAD_CODE_STRIPPING = NO;
				DEPLOYMENT_POSTPROCESSING = YES;
				DYLIB_COMPATIBILITY_VERSION = 1;
				DYLIB_CURRENT_VERSION = 1;
				FRAMEWORK_VERSION = A;
				GCC_PRECOMPILE_PREFIX_HEADER = YES;
				GCC_PREFIX_HEADER = "SignalR-iOS/SignalR-iOS-Prefix.pch";
				INFOPLIST_FILE = "SignalR-iOS/SignalR-iOS-Info.plist";
				INFOPLIST_PATH = "$(UNLOCALIZED_RESOURCES_FOLDER_PATH)/Info.plist";
				INSTALL_PATH = "$(BUILT_PRODUCTS_DIR)";
				LINK_WITH_STANDARD_LIBRARIES = NO;
				MACH_O_TYPE = mh_object;
				PRODUCT_NAME = "SignalR-iOS";
				SDKROOT = iphoneos;
				SKIP_INSTALL = YES;
				UNLOCALIZED_RESOURCES_FOLDER_PATH = "$(CONTENTS_FOLDER_PATH)/Resources";
				WRAPPER_EXTENSION = framework;
			};
			name = Debug;
		};
		390123B714903C7D00BFD302 /* Release */ = {
			isa = XCBuildConfiguration;
			buildSettings = {
				CONTENTS_FOLDER_PATH = "$(WRAPPER_NAME)/Versions/$(FRAMEWORK_VERSION)";
				DEAD_CODE_STRIPPING = NO;
				DEPLOYMENT_POSTPROCESSING = YES;
				DYLIB_COMPATIBILITY_VERSION = 1;
				DYLIB_CURRENT_VERSION = 1;
				FRAMEWORK_VERSION = A;
				GCC_PRECOMPILE_PREFIX_HEADER = YES;
				GCC_PREFIX_HEADER = "SignalR-iOS/SignalR-iOS-Prefix.pch";
				INFOPLIST_FILE = "SignalR-iOS/SignalR-iOS-Info.plist";
				INFOPLIST_PATH = "$(UNLOCALIZED_RESOURCES_FOLDER_PATH)/Info.plist";
				INSTALL_PATH = "$(BUILT_PRODUCTS_DIR)";
				LINK_WITH_STANDARD_LIBRARIES = NO;
				MACH_O_TYPE = mh_object;
				PRODUCT_NAME = "SignalR-iOS";
				SDKROOT = iphoneos;
				SKIP_INSTALL = YES;
				UNLOCALIZED_RESOURCES_FOLDER_PATH = "$(CONTENTS_FOLDER_PATH)/Resources";
				WRAPPER_EXTENSION = framework;
			};
			name = Release;
		};
		3936506614C671C5009A5142 /* Debug */ = {
			isa = XCBuildConfiguration;
			buildSettings = {
				ARCHS = "$(ARCHS_STANDARD_64_BIT)";
				DEPLOYMENT_POSTPROCESSING = NO;
				DYLIB_COMPATIBILITY_VERSION = 1;
				DYLIB_CURRENT_VERSION = 1;
				FRAMEWORK_SEARCH_PATHS = "";
				FRAMEWORK_VERSION = A;
				GCC_ENABLE_OBJC_EXCEPTIONS = YES;
				GCC_PRECOMPILE_PREFIX_HEADER = YES;
				GCC_PREFIX_HEADER = "SignalR-OSX/SignalR-OSX-Prefix.pch";
				GCC_WARN_64_TO_32_BIT_CONVERSION = YES;
				INFOPLIST_FILE = "SignalR-OSX/SignalR-OSX-Info.plist";
				INSTALL_PATH = "$(LOCAL_LIBRARY_DIR)/Frameworks";
				MACH_O_TYPE = mh_dylib;
				MACOSX_DEPLOYMENT_TARGET = 10.7;
				ONLY_ACTIVE_ARCH = YES;
				PRODUCT_NAME = "$(TARGET_NAME)";
				SDKROOT = macosx;
				SKIP_INSTALL = NO;
				WRAPPER_EXTENSION = framework;
			};
			name = Debug;
		};
		3936506714C671C5009A5142 /* Release */ = {
			isa = XCBuildConfiguration;
			buildSettings = {
				ARCHS = "$(ARCHS_STANDARD_64_BIT)";
				DEBUG_INFORMATION_FORMAT = "dwarf-with-dsym";
				DEPLOYMENT_POSTPROCESSING = NO;
				DYLIB_COMPATIBILITY_VERSION = 1;
				DYLIB_CURRENT_VERSION = 1;
				FRAMEWORK_SEARCH_PATHS = "";
				FRAMEWORK_VERSION = A;
				GCC_ENABLE_OBJC_EXCEPTIONS = YES;
				GCC_PRECOMPILE_PREFIX_HEADER = YES;
				GCC_PREFIX_HEADER = "SignalR-OSX/SignalR-OSX-Prefix.pch";
				GCC_WARN_64_TO_32_BIT_CONVERSION = YES;
				INFOPLIST_FILE = "SignalR-OSX/SignalR-OSX-Info.plist";
				INSTALL_PATH = "$(LOCAL_LIBRARY_DIR)/Frameworks";
				MACH_O_TYPE = mh_dylib;
				MACOSX_DEPLOYMENT_TARGET = 10.7;
				PRODUCT_NAME = "$(TARGET_NAME)";
				SDKROOT = macosx;
				SKIP_INSTALL = NO;
				WRAPPER_EXTENSION = framework;
			};
			name = Release;
		};
		39B70FE014DB92DA00F3DF97 /* Debug */ = {
			isa = XCBuildConfiguration;
			buildSettings = {
				PRODUCT_NAME = "$(TARGET_NAME)";
			};
			name = Debug;
		};
		39B70FE114DB92DA00F3DF97 /* Release */ = {
			isa = XCBuildConfiguration;
			buildSettings = {
				PRODUCT_NAME = "$(TARGET_NAME)";
			};
			name = Release;
		};
/* End XCBuildConfiguration section */

/* Begin XCConfigurationList section */
		390123A114903C7D00BFD302 /* Build configuration list for PBXProject "SignalR.Framework" */ = {
			isa = XCConfigurationList;
			buildConfigurations = (
				390123B314903C7D00BFD302 /* Debug */,
				390123B414903C7D00BFD302 /* Release */,
			);
			defaultConfigurationIsVisible = 0;
			defaultConfigurationName = Release;
		};
		390123B514903C7D00BFD302 /* Build configuration list for PBXNativeTarget "SignalR-iOS" */ = {
			isa = XCConfigurationList;
			buildConfigurations = (
				390123B614903C7D00BFD302 /* Debug */,
				390123B714903C7D00BFD302 /* Release */,
			);
			defaultConfigurationIsVisible = 0;
			defaultConfigurationName = Release;
		};
		3936506814C671C5009A5142 /* Build configuration list for PBXNativeTarget "SignalR-OSX" */ = {
			isa = XCConfigurationList;
			buildConfigurations = (
				3936506614C671C5009A5142 /* Debug */,
				3936506714C671C5009A5142 /* Release */,
			);
			defaultConfigurationIsVisible = 0;
			defaultConfigurationName = Release;
		};
		39B70FE214DB92DA00F3DF97 /* Build configuration list for PBXAggregateTarget "Documentation" */ = {
			isa = XCConfigurationList;
			buildConfigurations = (
				39B70FE014DB92DA00F3DF97 /* Debug */,
				39B70FE114DB92DA00F3DF97 /* Release */,
			);
			defaultConfigurationIsVisible = 0;
			defaultConfigurationName = Release;
		};
/* End XCConfigurationList section */
	};
	rootObject = 3901239E14903C7D00BFD302 /* Project object */;
}
