// !$*UTF8*$!
{
	archiveVersion = 1;
	classes = {
	};
	objectVersion = 46;
	objects = {

/* Begin PBXBuildFile section */
		3995198E14C63DCB00B33280 /* InfoPlist.strings in Resources */ = {isa = PBXBuildFile; fileRef = 3995198C14C63DCB00B33280 /* InfoPlist.strings */; };
		3995199014C63DCB00B33280 /* main.m in Sources */ = {isa = PBXBuildFile; fileRef = 3995198F14C63DCB00B33280 /* main.m */; };
		3995199414C63DCB00B33280 /* Credits.rtf in Resources */ = {isa = PBXBuildFile; fileRef = 3995199214C63DCB00B33280 /* Credits.rtf */; };
		3995199714C63DCB00B33280 /* AppDelegate.m in Sources */ = {isa = PBXBuildFile; fileRef = 3995199614C63DCB00B33280 /* AppDelegate.m */; };
		3995199A14C63DCB00B33280 /* MainMenu.xib in Resources */ = {isa = PBXBuildFile; fileRef = 3995199814C63DCB00B33280 /* MainMenu.xib */; };
		399519B114C63E5000B33280 /* AppDelegate.m in Sources */ = {isa = PBXBuildFile; fileRef = 399519A114C63E5000B33280 /* AppDelegate.m */; };
		399519B214C63E5000B33280 /* ChatViewController.m in Sources */ = {isa = PBXBuildFile; fileRef = 399519A314C63E5000B33280 /* ChatViewController.m */; };
		399519B314C63E5000B33280 /* ConnectionStatusViewController.m in Sources */ = {isa = PBXBuildFile; fileRef = 399519A514C63E5000B33280 /* ConnectionStatusViewController.m */; };
		399519B414C63E5000B33280 /* MasterViewController.m in Sources */ = {isa = PBXBuildFile; fileRef = 399519A714C63E5000B33280 /* MasterViewController.m */; };
		399519B514C63E5000B33280 /* MouseTrackingViewController.m in Sources */ = {isa = PBXBuildFile; fileRef = 399519A914C63E5000B33280 /* MouseTrackingViewController.m */; };
		399519B614C63E5000B33280 /* RawViewController.m in Sources */ = {isa = PBXBuildFile; fileRef = 399519AB14C63E5000B33280 /* RawViewController.m */; };
		399519B714C63E5000B33280 /* StreamingViewController.m in Sources */ = {isa = PBXBuildFile; fileRef = 399519AD14C63E5000B33280 /* StreamingViewController.m */; };
		399519BE14C63E6D00B33280 /* main.m in Sources */ = {isa = PBXBuildFile; fileRef = 399519BA14C63E6D00B33280 /* main.m */; };
		399519C314C63FF500B33280 /* MainStoryboard.storyboard in Resources */ = {isa = PBXBuildFile; fileRef = 399519C114C63FF500B33280 /* MainStoryboard.storyboard */; };
		39951AE414C6425700B33280 /* SRHubClientInvocation.m in Sources */ = {isa = PBXBuildFile; fileRef = 39951A7A14C6425600B33280 /* SRHubClientInvocation.m */; };
		39951AE514C6425700B33280 /* SRHubClientInvocation.m in Sources */ = {isa = PBXBuildFile; fileRef = 39951A7A14C6425600B33280 /* SRHubClientInvocation.m */; };
		39951AE614C6425700B33280 /* SRHubConnection.m in Sources */ = {isa = PBXBuildFile; fileRef = 39951A7C14C6425600B33280 /* SRHubConnection.m */; };
		39951AE714C6425700B33280 /* SRHubConnection.m in Sources */ = {isa = PBXBuildFile; fileRef = 39951A7C14C6425600B33280 /* SRHubConnection.m */; };
		39951AE814C6425700B33280 /* SRHubProxy.m in Sources */ = {isa = PBXBuildFile; fileRef = 39951A7E14C6425600B33280 /* SRHubProxy.m */; };
		39951AE914C6425700B33280 /* SRHubProxy.m in Sources */ = {isa = PBXBuildFile; fileRef = 39951A7E14C6425600B33280 /* SRHubProxy.m */; };
		39951AEA14C6425700B33280 /* SRHubProxyExtensions.m in Sources */ = {isa = PBXBuildFile; fileRef = 39951A8014C6425600B33280 /* SRHubProxyExtensions.m */; };
		39951AEB14C6425700B33280 /* SRHubProxyExtensions.m in Sources */ = {isa = PBXBuildFile; fileRef = 39951A8014C6425600B33280 /* SRHubProxyExtensions.m */; };
		39951AEC14C6425700B33280 /* SRHubRegistrationData.m in Sources */ = {isa = PBXBuildFile; fileRef = 39951A8214C6425600B33280 /* SRHubRegistrationData.m */; };
		39951AED14C6425700B33280 /* SRHubRegistrationData.m in Sources */ = {isa = PBXBuildFile; fileRef = 39951A8214C6425600B33280 /* SRHubRegistrationData.m */; };
		39951AEE14C6425700B33280 /* SRHubResult.m in Sources */ = {isa = PBXBuildFile; fileRef = 39951A8414C6425600B33280 /* SRHubResult.m */; };
		39951AEF14C6425700B33280 /* SRHubResult.m in Sources */ = {isa = PBXBuildFile; fileRef = 39951A8414C6425600B33280 /* SRHubResult.m */; };
		39951AF014C6425700B33280 /* SRHubservable.m in Sources */ = {isa = PBXBuildFile; fileRef = 39951A8714C6425600B33280 /* SRHubservable.m */; };
		39951AF114C6425700B33280 /* SRHubservable.m in Sources */ = {isa = PBXBuildFile; fileRef = 39951A8714C6425600B33280 /* SRHubservable.m */; };
		39951AF214C6425700B33280 /* SRHubServerInvocation.m in Sources */ = {isa = PBXBuildFile; fileRef = 39951A8914C6425600B33280 /* SRHubServerInvocation.m */; };
		39951AF314C6425700B33280 /* SRHubServerInvocation.m in Sources */ = {isa = PBXBuildFile; fileRef = 39951A8914C6425600B33280 /* SRHubServerInvocation.m */; };
		39951AF414C6425700B33280 /* SRSubscription.m in Sources */ = {isa = PBXBuildFile; fileRef = 39951A8B14C6425600B33280 /* SRSubscription.m */; };
		39951AF514C6425700B33280 /* SRSubscription.m in Sources */ = {isa = PBXBuildFile; fileRef = 39951A8B14C6425600B33280 /* SRSubscription.m */; };
		39951AF614C6425700B33280 /* NSDictionary+QueryString.m in Sources */ = {isa = PBXBuildFile; fileRef = 39951A8E14C6425600B33280 /* NSDictionary+QueryString.m */; };
		39951AF714C6425700B33280 /* NSDictionary+QueryString.m in Sources */ = {isa = PBXBuildFile; fileRef = 39951A8E14C6425600B33280 /* NSDictionary+QueryString.m */; };
		39951AF814C6425700B33280 /* NSString+QueryString.m in Sources */ = {isa = PBXBuildFile; fileRef = 39951A9014C6425600B33280 /* NSString+QueryString.m */; };
		39951AF914C6425700B33280 /* NSString+QueryString.m in Sources */ = {isa = PBXBuildFile; fileRef = 39951A9014C6425600B33280 /* NSString+QueryString.m */; };
		39951AFA14C6425700B33280 /* SRHttpHelper.m in Sources */ = {isa = PBXBuildFile; fileRef = 39951A9214C6425600B33280 /* SRHttpHelper.m */; };
		39951AFB14C6425700B33280 /* SRHttpHelper.m in Sources */ = {isa = PBXBuildFile; fileRef = 39951A9214C6425600B33280 /* SRHttpHelper.m */; };
		39951AFC14C6425700B33280 /* SRVersion.m in Sources */ = {isa = PBXBuildFile; fileRef = 39951A9414C6425600B33280 /* SRVersion.m */; };
		39951AFD14C6425700B33280 /* SRVersion.m in Sources */ = {isa = PBXBuildFile; fileRef = 39951A9414C6425600B33280 /* SRVersion.m */; };
		39951AFE14C6425700B33280 /* SRConnection.m in Sources */ = {isa = PBXBuildFile; fileRef = 39951A9714C6425600B33280 /* SRConnection.m */; };
		39951AFF14C6425700B33280 /* SRConnection.m in Sources */ = {isa = PBXBuildFile; fileRef = 39951A9714C6425600B33280 /* SRConnection.m */; };
		39951B0014C6425700B33280 /* SRConnectionExtensions.m in Sources */ = {isa = PBXBuildFile; fileRef = 39951A9914C6425600B33280 /* SRConnectionExtensions.m */; };
		39951B0114C6425700B33280 /* SRConnectionExtensions.m in Sources */ = {isa = PBXBuildFile; fileRef = 39951A9914C6425600B33280 /* SRConnectionExtensions.m */; };
		39951B0214C6425700B33280 /* SRNegotiationResponse.m in Sources */ = {isa = PBXBuildFile; fileRef = 39951A9B14C6425600B33280 /* SRNegotiationResponse.m */; };
		39951B0314C6425700B33280 /* SRNegotiationResponse.m in Sources */ = {isa = PBXBuildFile; fileRef = 39951A9B14C6425600B33280 /* SRNegotiationResponse.m */; };
		39951B0414C6425700B33280 /* SRAutoTransport.m in Sources */ = {isa = PBXBuildFile; fileRef = 39951A9F14C6425600B33280 /* SRAutoTransport.m */; };
		39951B0514C6425700B33280 /* SRAutoTransport.m in Sources */ = {isa = PBXBuildFile; fileRef = 39951A9F14C6425600B33280 /* SRAutoTransport.m */; };
		39951B0614C6425700B33280 /* SRHttpBasedTransport.m in Sources */ = {isa = PBXBuildFile; fileRef = 39951AA214C6425600B33280 /* SRHttpBasedTransport.m */; };
		39951B0714C6425700B33280 /* SRHttpBasedTransport.m in Sources */ = {isa = PBXBuildFile; fileRef = 39951AA214C6425600B33280 /* SRHttpBasedTransport.m */; };
		39951B0814C6425700B33280 /* SRLongPollingTransport.m in Sources */ = {isa = PBXBuildFile; fileRef = 39951AA414C6425600B33280 /* SRLongPollingTransport.m */; };
		39951B0914C6425700B33280 /* SRLongPollingTransport.m in Sources */ = {isa = PBXBuildFile; fileRef = 39951AA414C6425600B33280 /* SRLongPollingTransport.m */; };
		39951B0A14C6425700B33280 /* SRServerSentEventsTransport.m in Sources */ = {isa = PBXBuildFile; fileRef = 39951AA614C6425600B33280 /* SRServerSentEventsTransport.m */; };
		39951B0B14C6425700B33280 /* SRServerSentEventsTransport.m in Sources */ = {isa = PBXBuildFile; fileRef = 39951AA614C6425600B33280 /* SRServerSentEventsTransport.m */; };
		39951B0C14C6425700B33280 /* SRTransport.m in Sources */ = {isa = PBXBuildFile; fileRef = 39951AA814C6425600B33280 /* SRTransport.m */; };
		39951B0D14C6425700B33280 /* SRTransport.m in Sources */ = {isa = PBXBuildFile; fileRef = 39951AA814C6425600B33280 /* SRTransport.m */; };
		39951B2A14C6425700B33280 /* NSObject+SBJson.m in Sources */ = {isa = PBXBuildFile; fileRef = 39951ACB14C6425700B33280 /* NSObject+SBJson.m */; };
		39951B2B14C6425700B33280 /* NSObject+SBJson.m in Sources */ = {isa = PBXBuildFile; fileRef = 39951ACB14C6425700B33280 /* NSObject+SBJson.m */; };
		39951B2E14C6425700B33280 /* SBJsonParser.m in Sources */ = {isa = PBXBuildFile; fileRef = 39951ACF14C6425700B33280 /* SBJsonParser.m */; };
		39951B2F14C6425700B33280 /* SBJsonParser.m in Sources */ = {isa = PBXBuildFile; fileRef = 39951ACF14C6425700B33280 /* SBJsonParser.m */; };
		39951B3014C6425700B33280 /* SBJsonStreamParser.m in Sources */ = {isa = PBXBuildFile; fileRef = 39951AD114C6425700B33280 /* SBJsonStreamParser.m */; };
		39951B3114C6425700B33280 /* SBJsonStreamParser.m in Sources */ = {isa = PBXBuildFile; fileRef = 39951AD114C6425700B33280 /* SBJsonStreamParser.m */; };
		39951B3214C6425700B33280 /* SBJsonStreamParserAccumulator.m in Sources */ = {isa = PBXBuildFile; fileRef = 39951AD314C6425700B33280 /* SBJsonStreamParserAccumulator.m */; };
		39951B3314C6425700B33280 /* SBJsonStreamParserAccumulator.m in Sources */ = {isa = PBXBuildFile; fileRef = 39951AD314C6425700B33280 /* SBJsonStreamParserAccumulator.m */; };
		39951B3414C6425700B33280 /* SBJsonStreamParserAdapter.m in Sources */ = {isa = PBXBuildFile; fileRef = 39951AD514C6425700B33280 /* SBJsonStreamParserAdapter.m */; };
		39951B3514C6425700B33280 /* SBJsonStreamParserAdapter.m in Sources */ = {isa = PBXBuildFile; fileRef = 39951AD514C6425700B33280 /* SBJsonStreamParserAdapter.m */; };
		39951B3614C6425700B33280 /* SBJsonStreamParserState.m in Sources */ = {isa = PBXBuildFile; fileRef = 39951AD714C6425700B33280 /* SBJsonStreamParserState.m */; };
		39951B3714C6425700B33280 /* SBJsonStreamParserState.m in Sources */ = {isa = PBXBuildFile; fileRef = 39951AD714C6425700B33280 /* SBJsonStreamParserState.m */; };
		39951B3814C6425700B33280 /* SBJsonStreamWriter.m in Sources */ = {isa = PBXBuildFile; fileRef = 39951AD914C6425700B33280 /* SBJsonStreamWriter.m */; };
		39951B3914C6425700B33280 /* SBJsonStreamWriter.m in Sources */ = {isa = PBXBuildFile; fileRef = 39951AD914C6425700B33280 /* SBJsonStreamWriter.m */; };
		39951B3A14C6425700B33280 /* SBJsonStreamWriterAccumulator.m in Sources */ = {isa = PBXBuildFile; fileRef = 39951ADB14C6425700B33280 /* SBJsonStreamWriterAccumulator.m */; };
		39951B3B14C6425700B33280 /* SBJsonStreamWriterAccumulator.m in Sources */ = {isa = PBXBuildFile; fileRef = 39951ADB14C6425700B33280 /* SBJsonStreamWriterAccumulator.m */; };
		39951B3C14C6425700B33280 /* SBJsonStreamWriterState.m in Sources */ = {isa = PBXBuildFile; fileRef = 39951ADD14C6425700B33280 /* SBJsonStreamWriterState.m */; };
		39951B3D14C6425700B33280 /* SBJsonStreamWriterState.m in Sources */ = {isa = PBXBuildFile; fileRef = 39951ADD14C6425700B33280 /* SBJsonStreamWriterState.m */; };
		39951B3E14C6425700B33280 /* SBJsonTokeniser.m in Sources */ = {isa = PBXBuildFile; fileRef = 39951ADF14C6425700B33280 /* SBJsonTokeniser.m */; };
		39951B3F14C6425700B33280 /* SBJsonTokeniser.m in Sources */ = {isa = PBXBuildFile; fileRef = 39951ADF14C6425700B33280 /* SBJsonTokeniser.m */; };
		39951B4014C6425700B33280 /* SBJsonUTF8Stream.m in Sources */ = {isa = PBXBuildFile; fileRef = 39951AE114C6425700B33280 /* SBJsonUTF8Stream.m */; };
		39951B4114C6425700B33280 /* SBJsonUTF8Stream.m in Sources */ = {isa = PBXBuildFile; fileRef = 39951AE114C6425700B33280 /* SBJsonUTF8Stream.m */; };
		39951B4214C6425700B33280 /* SBJsonWriter.m in Sources */ = {isa = PBXBuildFile; fileRef = 39951AE314C6425700B33280 /* SBJsonWriter.m */; };
		39951B4314C6425700B33280 /* SBJsonWriter.m in Sources */ = {isa = PBXBuildFile; fileRef = 39951AE314C6425700B33280 /* SBJsonWriter.m */; };
		39951B4A14C6430000B33280 /* Environments.plist in Resources */ = {isa = PBXBuildFile; fileRef = 39951B4614C6430000B33280 /* Environments.plist */; };
		39951B4B14C6430000B33280 /* Environments.plist in Resources */ = {isa = PBXBuildFile; fileRef = 39951B4614C6430000B33280 /* Environments.plist */; };
		39951B4C14C6430000B33280 /* Router.m in Sources */ = {isa = PBXBuildFile; fileRef = 39951B4914C6430000B33280 /* Router.m */; };
		39951B4D14C6430000B33280 /* Router.m in Sources */ = {isa = PBXBuildFile; fileRef = 39951B4914C6430000B33280 /* Router.m */; };
		39951B6914C6468000B33280 /* Cocoa.framework in Frameworks */ = {isa = PBXBuildFile; fileRef = 39951B6814C6468000B33280 /* Cocoa.framework */; };
		39951B6B14C6476800B33280 /* icon.png in Resources */ = {isa = PBXBuildFile; fileRef = 39951B6A14C6476800B33280 /* icon.png */; };
		39951B6C14C647BB00B33280 /* icon.png in Resources */ = {isa = PBXBuildFile; fileRef = 39951B6A14C6476800B33280 /* icon.png */; };
		39951B8014C64B8300B33280 /* icon.icns in Resources */ = {isa = PBXBuildFile; fileRef = 39951B7F14C64B8300B33280 /* icon.icns */; };
		39C14D7F14D2EF3F00DFB570 /* AFHTTPClient.m in Sources */ = {isa = PBXBuildFile; fileRef = 39C14D6914D2EF3F00DFB570 /* AFHTTPClient.m */; settings = {COMPILER_FLAGS = "-fno-objc-arc"; }; };
		39C14D8014D2EF3F00DFB570 /* AFHTTPRequestOperation.m in Sources */ = {isa = PBXBuildFile; fileRef = 39C14D6B14D2EF3F00DFB570 /* AFHTTPRequestOperation.m */; settings = {COMPILER_FLAGS = "-fno-objc-arc"; }; };
		39C14D8114D2EF3F00DFB570 /* AFImageRequestOperation.m in Sources */ = {isa = PBXBuildFile; fileRef = 39C14D6D14D2EF3F00DFB570 /* AFImageRequestOperation.m */; settings = {COMPILER_FLAGS = "-fno-objc-arc"; }; };
		39C14D8214D2EF3F00DFB570 /* AFJSONRequestOperation.m in Sources */ = {isa = PBXBuildFile; fileRef = 39C14D6F14D2EF3F00DFB570 /* AFJSONRequestOperation.m */; settings = {COMPILER_FLAGS = "-fno-objc-arc"; }; };
		39C14D8314D2EF3F00DFB570 /* AFJSONUtilities.m in Sources */ = {isa = PBXBuildFile; fileRef = 39C14D7114D2EF3F00DFB570 /* AFJSONUtilities.m */; settings = {COMPILER_FLAGS = "-fno-objc-arc"; }; };
		39C14D8414D2EF3F00DFB570 /* AFNetworkActivityIndicatorManager.m in Sources */ = {isa = PBXBuildFile; fileRef = 39C14D7314D2EF3F00DFB570 /* AFNetworkActivityIndicatorManager.m */; settings = {COMPILER_FLAGS = "-fno-objc-arc"; }; };
		39C14D8514D2EF3F00DFB570 /* AFPropertyListRequestOperation.m in Sources */ = {isa = PBXBuildFile; fileRef = 39C14D7614D2EF3F00DFB570 /* AFPropertyListRequestOperation.m */; settings = {COMPILER_FLAGS = "-fno-objc-arc"; }; };
		39C14D8614D2EF3F00DFB570 /* AFURLConnectionOperation.m in Sources */ = {isa = PBXBuildFile; fileRef = 39C14D7814D2EF3F00DFB570 /* AFURLConnectionOperation.m */; settings = {COMPILER_FLAGS = "-fno-objc-arc"; }; };
		39C14D8714D2EF3F00DFB570 /* AFXMLRequestOperation.m in Sources */ = {isa = PBXBuildFile; fileRef = 39C14D7A14D2EF3F00DFB570 /* AFXMLRequestOperation.m */; settings = {COMPILER_FLAGS = "-fno-objc-arc"; }; };
		39C14D8A14D2EF3F00DFB570 /* UIImageView+AFNetworking.m in Sources */ = {isa = PBXBuildFile; fileRef = 39C14D7E14D2EF3F00DFB570 /* UIImageView+AFNetworking.m */; settings = {COMPILER_FLAGS = "-fno-objc-arc"; }; };
		39C14D8D14D300C500DFB570 /* SRHttpResponse.m in Sources */ = {isa = PBXBuildFile; fileRef = 39C14D8C14D300C500DFB570 /* SRHttpResponse.m */; };
		39FE4E4A1468164300B111BF /* UIKit.framework in Frameworks */ = {isa = PBXBuildFile; fileRef = 39FE4E491468164300B111BF /* UIKit.framework */; };
		39FE4E4C1468164300B111BF /* Foundation.framework in Frameworks */ = {isa = PBXBuildFile; fileRef = 39FE4E4B1468164300B111BF /* Foundation.framework */; };
/* End PBXBuildFile section */

/* Begin PBXFileReference section */
		3905059D14D0965D0054EB14 /* SRClientTransport+Constants.h */ = {isa = PBXFileReference; fileEncoding = 4; lastKnownFileType = sourcecode.c.h; path = "SRClientTransport+Constants.h"; sourceTree = "<group>"; };
		3995198114C63DCA00B33280 /* SignalR.Samples.OSX.app */ = {isa = PBXFileReference; explicitFileType = wrapper.application; includeInIndex = 0; path = SignalR.Samples.OSX.app; sourceTree = BUILT_PRODUCTS_DIR; };
		3995198B14C63DCB00B33280 /* SignalR.Samples.OSX-Info.plist */ = {isa = PBXFileReference; lastKnownFileType = text.plist.xml; path = "SignalR.Samples.OSX-Info.plist"; sourceTree = "<group>"; };
		3995198D14C63DCB00B33280 /* en */ = {isa = PBXFileReference; lastKnownFileType = text.plist.strings; name = en; path = en.lproj/InfoPlist.strings; sourceTree = "<group>"; };
		3995198F14C63DCB00B33280 /* main.m */ = {isa = PBXFileReference; lastKnownFileType = sourcecode.c.objc; path = main.m; sourceTree = "<group>"; };
		3995199114C63DCB00B33280 /* SignalR.Samples.OSX-Prefix.pch */ = {isa = PBXFileReference; lastKnownFileType = sourcecode.c.h; path = "SignalR.Samples.OSX-Prefix.pch"; sourceTree = "<group>"; };
		3995199314C63DCB00B33280 /* en */ = {isa = PBXFileReference; lastKnownFileType = text.rtf; name = en; path = en.lproj/Credits.rtf; sourceTree = "<group>"; };
		3995199514C63DCB00B33280 /* AppDelegate.h */ = {isa = PBXFileReference; lastKnownFileType = sourcecode.c.h; path = AppDelegate.h; sourceTree = "<group>"; };
		3995199614C63DCB00B33280 /* AppDelegate.m */ = {isa = PBXFileReference; lastKnownFileType = sourcecode.c.objc; path = AppDelegate.m; sourceTree = "<group>"; };
		3995199914C63DCB00B33280 /* en */ = {isa = PBXFileReference; lastKnownFileType = file.xib; name = en; path = en.lproj/MainMenu.xib; sourceTree = "<group>"; };
		399519A014C63E5000B33280 /* AppDelegate.h */ = {isa = PBXFileReference; fileEncoding = 4; lastKnownFileType = sourcecode.c.h; path = AppDelegate.h; sourceTree = "<group>"; };
		399519A114C63E5000B33280 /* AppDelegate.m */ = {isa = PBXFileReference; fileEncoding = 4; lastKnownFileType = sourcecode.c.objc; path = AppDelegate.m; sourceTree = "<group>"; };
		399519A214C63E5000B33280 /* ChatViewController.h */ = {isa = PBXFileReference; fileEncoding = 4; lastKnownFileType = sourcecode.c.h; path = ChatViewController.h; sourceTree = "<group>"; };
		399519A314C63E5000B33280 /* ChatViewController.m */ = {isa = PBXFileReference; fileEncoding = 4; lastKnownFileType = sourcecode.c.objc; path = ChatViewController.m; sourceTree = "<group>"; };
		399519A414C63E5000B33280 /* ConnectionStatusViewController.h */ = {isa = PBXFileReference; fileEncoding = 4; lastKnownFileType = sourcecode.c.h; path = ConnectionStatusViewController.h; sourceTree = "<group>"; };
		399519A514C63E5000B33280 /* ConnectionStatusViewController.m */ = {isa = PBXFileReference; fileEncoding = 4; lastKnownFileType = sourcecode.c.objc; path = ConnectionStatusViewController.m; sourceTree = "<group>"; };
		399519A614C63E5000B33280 /* MasterViewController.h */ = {isa = PBXFileReference; fileEncoding = 4; lastKnownFileType = sourcecode.c.h; path = MasterViewController.h; sourceTree = "<group>"; };
		399519A714C63E5000B33280 /* MasterViewController.m */ = {isa = PBXFileReference; fileEncoding = 4; lastKnownFileType = sourcecode.c.objc; path = MasterViewController.m; sourceTree = "<group>"; };
		399519A814C63E5000B33280 /* MouseTrackingViewController.h */ = {isa = PBXFileReference; fileEncoding = 4; lastKnownFileType = sourcecode.c.h; path = MouseTrackingViewController.h; sourceTree = "<group>"; };
		399519A914C63E5000B33280 /* MouseTrackingViewController.m */ = {isa = PBXFileReference; fileEncoding = 4; lastKnownFileType = sourcecode.c.objc; path = MouseTrackingViewController.m; sourceTree = "<group>"; };
		399519AA14C63E5000B33280 /* RawViewController.h */ = {isa = PBXFileReference; fileEncoding = 4; lastKnownFileType = sourcecode.c.h; path = RawViewController.h; sourceTree = "<group>"; };
		399519AB14C63E5000B33280 /* RawViewController.m */ = {isa = PBXFileReference; fileEncoding = 4; lastKnownFileType = sourcecode.c.objc; path = RawViewController.m; sourceTree = "<group>"; };
		399519AC14C63E5000B33280 /* StreamingViewController.h */ = {isa = PBXFileReference; fileEncoding = 4; lastKnownFileType = sourcecode.c.h; path = StreamingViewController.h; sourceTree = "<group>"; };
		399519AD14C63E5000B33280 /* StreamingViewController.m */ = {isa = PBXFileReference; fileEncoding = 4; lastKnownFileType = sourcecode.c.objc; path = StreamingViewController.m; sourceTree = "<group>"; };
		399519BA14C63E6D00B33280 /* main.m */ = {isa = PBXFileReference; fileEncoding = 4; lastKnownFileType = sourcecode.c.objc; name = main.m; path = SignalR.Samples.iOS/main.m; sourceTree = SOURCE_ROOT; };
		399519BB14C63E6D00B33280 /* SignalR.Samples.iOS-Prefix.pch */ = {isa = PBXFileReference; fileEncoding = 4; lastKnownFileType = sourcecode.c.h; name = "SignalR.Samples.iOS-Prefix.pch"; path = "SignalR.Samples.iOS/SignalR.Samples.iOS-Prefix.pch"; sourceTree = SOURCE_ROOT; };
		399519BC14C63E6D00B33280 /* SignalR.Samples.iOS-Info.plist */ = {isa = PBXFileReference; fileEncoding = 4; lastKnownFileType = text.plist.xml; name = "SignalR.Samples.iOS-Info.plist"; path = "SignalR.Samples.iOS/SignalR.Samples.iOS-Info.plist"; sourceTree = SOURCE_ROOT; };
		399519C214C63FF500B33280 /* en */ = {isa = PBXFileReference; lastKnownFileType = file.storyboard; name = en; path = SignalR.Samples.iOS/en.lproj/MainStoryboard.storyboard; sourceTree = SOURCE_ROOT; };
		39951A7914C6425600B33280 /* SRHubClientInvocation.h */ = {isa = PBXFileReference; fileEncoding = 4; lastKnownFileType = sourcecode.c.h; path = SRHubClientInvocation.h; sourceTree = "<group>"; };
		39951A7A14C6425600B33280 /* SRHubClientInvocation.m */ = {isa = PBXFileReference; fileEncoding = 4; lastKnownFileType = sourcecode.c.objc; path = SRHubClientInvocation.m; sourceTree = "<group>"; };
		39951A7B14C6425600B33280 /* SRHubConnection.h */ = {isa = PBXFileReference; fileEncoding = 4; lastKnownFileType = sourcecode.c.h; path = SRHubConnection.h; sourceTree = "<group>"; };
		39951A7C14C6425600B33280 /* SRHubConnection.m */ = {isa = PBXFileReference; fileEncoding = 4; lastKnownFileType = sourcecode.c.objc; path = SRHubConnection.m; sourceTree = "<group>"; };
		39951A7D14C6425600B33280 /* SRHubProxy.h */ = {isa = PBXFileReference; fileEncoding = 4; lastKnownFileType = sourcecode.c.h; path = SRHubProxy.h; sourceTree = "<group>"; };
		39951A7E14C6425600B33280 /* SRHubProxy.m */ = {isa = PBXFileReference; fileEncoding = 4; lastKnownFileType = sourcecode.c.objc; path = SRHubProxy.m; sourceTree = "<group>"; };
		39951A7F14C6425600B33280 /* SRHubProxyExtensions.h */ = {isa = PBXFileReference; fileEncoding = 4; lastKnownFileType = sourcecode.c.h; path = SRHubProxyExtensions.h; sourceTree = "<group>"; };
		39951A8014C6425600B33280 /* SRHubProxyExtensions.m */ = {isa = PBXFileReference; fileEncoding = 4; lastKnownFileType = sourcecode.c.objc; path = SRHubProxyExtensions.m; sourceTree = "<group>"; };
		39951A8114C6425600B33280 /* SRHubRegistrationData.h */ = {isa = PBXFileReference; fileEncoding = 4; lastKnownFileType = sourcecode.c.h; path = SRHubRegistrationData.h; sourceTree = "<group>"; };
		39951A8214C6425600B33280 /* SRHubRegistrationData.m */ = {isa = PBXFileReference; fileEncoding = 4; lastKnownFileType = sourcecode.c.objc; path = SRHubRegistrationData.m; sourceTree = "<group>"; };
		39951A8314C6425600B33280 /* SRHubResult.h */ = {isa = PBXFileReference; fileEncoding = 4; lastKnownFileType = sourcecode.c.h; path = SRHubResult.h; sourceTree = "<group>"; };
		39951A8414C6425600B33280 /* SRHubResult.m */ = {isa = PBXFileReference; fileEncoding = 4; lastKnownFileType = sourcecode.c.objc; path = SRHubResult.m; sourceTree = "<group>"; };
		39951A8514C6425600B33280 /* SRHubs.h */ = {isa = PBXFileReference; fileEncoding = 4; lastKnownFileType = sourcecode.c.h; path = SRHubs.h; sourceTree = "<group>"; };
		39951A8614C6425600B33280 /* SRHubservable.h */ = {isa = PBXFileReference; fileEncoding = 4; lastKnownFileType = sourcecode.c.h; path = SRHubservable.h; sourceTree = "<group>"; };
		39951A8714C6425600B33280 /* SRHubservable.m */ = {isa = PBXFileReference; fileEncoding = 4; lastKnownFileType = sourcecode.c.objc; path = SRHubservable.m; sourceTree = "<group>"; };
		39951A8814C6425600B33280 /* SRHubServerInvocation.h */ = {isa = PBXFileReference; fileEncoding = 4; lastKnownFileType = sourcecode.c.h; path = SRHubServerInvocation.h; sourceTree = "<group>"; };
		39951A8914C6425600B33280 /* SRHubServerInvocation.m */ = {isa = PBXFileReference; fileEncoding = 4; lastKnownFileType = sourcecode.c.objc; path = SRHubServerInvocation.m; sourceTree = "<group>"; };
		39951A8A14C6425600B33280 /* SRSubscription.h */ = {isa = PBXFileReference; fileEncoding = 4; lastKnownFileType = sourcecode.c.h; path = SRSubscription.h; sourceTree = "<group>"; };
		39951A8B14C6425600B33280 /* SRSubscription.m */ = {isa = PBXFileReference; fileEncoding = 4; lastKnownFileType = sourcecode.c.objc; path = SRSubscription.m; sourceTree = "<group>"; };
		39951A8D14C6425600B33280 /* NSDictionary+QueryString.h */ = {isa = PBXFileReference; fileEncoding = 4; lastKnownFileType = sourcecode.c.h; path = "NSDictionary+QueryString.h"; sourceTree = "<group>"; };
		39951A8E14C6425600B33280 /* NSDictionary+QueryString.m */ = {isa = PBXFileReference; fileEncoding = 4; lastKnownFileType = sourcecode.c.objc; path = "NSDictionary+QueryString.m"; sourceTree = "<group>"; };
		39951A8F14C6425600B33280 /* NSString+QueryString.h */ = {isa = PBXFileReference; fileEncoding = 4; lastKnownFileType = sourcecode.c.h; path = "NSString+QueryString.h"; sourceTree = "<group>"; };
		39951A9014C6425600B33280 /* NSString+QueryString.m */ = {isa = PBXFileReference; fileEncoding = 4; lastKnownFileType = sourcecode.c.objc; path = "NSString+QueryString.m"; sourceTree = "<group>"; };
		39951A9114C6425600B33280 /* SRHttpHelper.h */ = {isa = PBXFileReference; fileEncoding = 4; lastKnownFileType = sourcecode.c.h; path = SRHttpHelper.h; sourceTree = "<group>"; };
		39951A9214C6425600B33280 /* SRHttpHelper.m */ = {isa = PBXFileReference; fileEncoding = 4; lastKnownFileType = sourcecode.c.objc; path = SRHttpHelper.m; sourceTree = "<group>"; };
		39951A9314C6425600B33280 /* SRVersion.h */ = {isa = PBXFileReference; fileEncoding = 4; lastKnownFileType = sourcecode.c.h; path = SRVersion.h; sourceTree = "<group>"; };
		39951A9414C6425600B33280 /* SRVersion.m */ = {isa = PBXFileReference; fileEncoding = 4; lastKnownFileType = sourcecode.c.objc; path = SRVersion.m; sourceTree = "<group>"; };
		39951A9514C6425600B33280 /* SignalR.h */ = {isa = PBXFileReference; fileEncoding = 4; lastKnownFileType = sourcecode.c.h; path = SignalR.h; sourceTree = "<group>"; };
		39951A9614C6425600B33280 /* SRConnection.h */ = {isa = PBXFileReference; fileEncoding = 4; lastKnownFileType = sourcecode.c.h; path = SRConnection.h; sourceTree = "<group>"; };
		39951A9714C6425600B33280 /* SRConnection.m */ = {isa = PBXFileReference; fileEncoding = 4; lastKnownFileType = sourcecode.c.objc; path = SRConnection.m; sourceTree = "<group>"; };
		39951A9814C6425600B33280 /* SRConnectionExtensions.h */ = {isa = PBXFileReference; fileEncoding = 4; lastKnownFileType = sourcecode.c.h; path = SRConnectionExtensions.h; sourceTree = "<group>"; };
		39951A9914C6425600B33280 /* SRConnectionExtensions.m */ = {isa = PBXFileReference; fileEncoding = 4; lastKnownFileType = sourcecode.c.objc; path = SRConnectionExtensions.m; sourceTree = "<group>"; };
		39951A9A14C6425600B33280 /* SRNegotiationResponse.h */ = {isa = PBXFileReference; fileEncoding = 4; lastKnownFileType = sourcecode.c.h; path = SRNegotiationResponse.h; sourceTree = "<group>"; };
		39951A9B14C6425600B33280 /* SRNegotiationResponse.m */ = {isa = PBXFileReference; fileEncoding = 4; lastKnownFileType = sourcecode.c.objc; path = SRNegotiationResponse.m; sourceTree = "<group>"; };
		39951A9E14C6425600B33280 /* SRAutoTransport.h */ = {isa = PBXFileReference; fileEncoding = 4; lastKnownFileType = sourcecode.c.h; path = SRAutoTransport.h; sourceTree = "<group>"; };
		39951A9F14C6425600B33280 /* SRAutoTransport.m */ = {isa = PBXFileReference; fileEncoding = 4; lastKnownFileType = sourcecode.c.objc; path = SRAutoTransport.m; sourceTree = "<group>"; };
		39951AA014C6425600B33280 /* SRClientTransport.h */ = {isa = PBXFileReference; fileEncoding = 4; lastKnownFileType = sourcecode.c.h; path = SRClientTransport.h; sourceTree = "<group>"; };
		39951AA114C6425600B33280 /* SRHttpBasedTransport.h */ = {isa = PBXFileReference; fileEncoding = 4; lastKnownFileType = sourcecode.c.h; path = SRHttpBasedTransport.h; sourceTree = "<group>"; };
		39951AA214C6425600B33280 /* SRHttpBasedTransport.m */ = {isa = PBXFileReference; fileEncoding = 4; lastKnownFileType = sourcecode.c.objc; path = SRHttpBasedTransport.m; sourceTree = "<group>"; };
		39951AA314C6425600B33280 /* SRLongPollingTransport.h */ = {isa = PBXFileReference; fileEncoding = 4; lastKnownFileType = sourcecode.c.h; path = SRLongPollingTransport.h; sourceTree = "<group>"; };
		39951AA414C6425600B33280 /* SRLongPollingTransport.m */ = {isa = PBXFileReference; fileEncoding = 4; lastKnownFileType = sourcecode.c.objc; path = SRLongPollingTransport.m; sourceTree = "<group>"; };
		39951AA514C6425600B33280 /* SRServerSentEventsTransport.h */ = {isa = PBXFileReference; fileEncoding = 4; lastKnownFileType = sourcecode.c.h; path = SRServerSentEventsTransport.h; sourceTree = "<group>"; };
		39951AA614C6425600B33280 /* SRServerSentEventsTransport.m */ = {isa = PBXFileReference; fileEncoding = 4; lastKnownFileType = sourcecode.c.objc; path = SRServerSentEventsTransport.m; sourceTree = "<group>"; };
		39951AA714C6425600B33280 /* SRTransport.h */ = {isa = PBXFileReference; fileEncoding = 4; lastKnownFileType = sourcecode.c.h; path = SRTransport.h; sourceTree = "<group>"; };
		39951AA814C6425600B33280 /* SRTransport.m */ = {isa = PBXFileReference; fileEncoding = 4; lastKnownFileType = sourcecode.c.objc; path = SRTransport.m; sourceTree = "<group>"; };
		39951ACA14C6425700B33280 /* NSObject+SBJson.h */ = {isa = PBXFileReference; fileEncoding = 4; lastKnownFileType = sourcecode.c.h; path = "NSObject+SBJson.h"; sourceTree = "<group>"; };
		39951ACB14C6425700B33280 /* NSObject+SBJson.m */ = {isa = PBXFileReference; fileEncoding = 4; lastKnownFileType = sourcecode.c.objc; path = "NSObject+SBJson.m"; sourceTree = "<group>"; };
		39951ACD14C6425700B33280 /* SBJson.h */ = {isa = PBXFileReference; fileEncoding = 4; lastKnownFileType = sourcecode.c.h; path = SBJson.h; sourceTree = "<group>"; };
		39951ACE14C6425700B33280 /* SBJsonParser.h */ = {isa = PBXFileReference; fileEncoding = 4; lastKnownFileType = sourcecode.c.h; path = SBJsonParser.h; sourceTree = "<group>"; };
		39951ACF14C6425700B33280 /* SBJsonParser.m */ = {isa = PBXFileReference; fileEncoding = 4; lastKnownFileType = sourcecode.c.objc; path = SBJsonParser.m; sourceTree = "<group>"; };
		39951AD014C6425700B33280 /* SBJsonStreamParser.h */ = {isa = PBXFileReference; fileEncoding = 4; lastKnownFileType = sourcecode.c.h; path = SBJsonStreamParser.h; sourceTree = "<group>"; };
		39951AD114C6425700B33280 /* SBJsonStreamParser.m */ = {isa = PBXFileReference; fileEncoding = 4; lastKnownFileType = sourcecode.c.objc; path = SBJsonStreamParser.m; sourceTree = "<group>"; };
		39951AD214C6425700B33280 /* SBJsonStreamParserAccumulator.h */ = {isa = PBXFileReference; fileEncoding = 4; lastKnownFileType = sourcecode.c.h; path = SBJsonStreamParserAccumulator.h; sourceTree = "<group>"; };
		39951AD314C6425700B33280 /* SBJsonStreamParserAccumulator.m */ = {isa = PBXFileReference; fileEncoding = 4; lastKnownFileType = sourcecode.c.objc; path = SBJsonStreamParserAccumulator.m; sourceTree = "<group>"; };
		39951AD414C6425700B33280 /* SBJsonStreamParserAdapter.h */ = {isa = PBXFileReference; fileEncoding = 4; lastKnownFileType = sourcecode.c.h; path = SBJsonStreamParserAdapter.h; sourceTree = "<group>"; };
		39951AD514C6425700B33280 /* SBJsonStreamParserAdapter.m */ = {isa = PBXFileReference; fileEncoding = 4; lastKnownFileType = sourcecode.c.objc; path = SBJsonStreamParserAdapter.m; sourceTree = "<group>"; };
		39951AD614C6425700B33280 /* SBJsonStreamParserState.h */ = {isa = PBXFileReference; fileEncoding = 4; lastKnownFileType = sourcecode.c.h; path = SBJsonStreamParserState.h; sourceTree = "<group>"; };
		39951AD714C6425700B33280 /* SBJsonStreamParserState.m */ = {isa = PBXFileReference; fileEncoding = 4; lastKnownFileType = sourcecode.c.objc; path = SBJsonStreamParserState.m; sourceTree = "<group>"; };
		39951AD814C6425700B33280 /* SBJsonStreamWriter.h */ = {isa = PBXFileReference; fileEncoding = 4; lastKnownFileType = sourcecode.c.h; path = SBJsonStreamWriter.h; sourceTree = "<group>"; };
		39951AD914C6425700B33280 /* SBJsonStreamWriter.m */ = {isa = PBXFileReference; fileEncoding = 4; lastKnownFileType = sourcecode.c.objc; path = SBJsonStreamWriter.m; sourceTree = "<group>"; };
		39951ADA14C6425700B33280 /* SBJsonStreamWriterAccumulator.h */ = {isa = PBXFileReference; fileEncoding = 4; lastKnownFileType = sourcecode.c.h; path = SBJsonStreamWriterAccumulator.h; sourceTree = "<group>"; };
		39951ADB14C6425700B33280 /* SBJsonStreamWriterAccumulator.m */ = {isa = PBXFileReference; fileEncoding = 4; lastKnownFileType = sourcecode.c.objc; path = SBJsonStreamWriterAccumulator.m; sourceTree = "<group>"; };
		39951ADC14C6425700B33280 /* SBJsonStreamWriterState.h */ = {isa = PBXFileReference; fileEncoding = 4; lastKnownFileType = sourcecode.c.h; path = SBJsonStreamWriterState.h; sourceTree = "<group>"; };
		39951ADD14C6425700B33280 /* SBJsonStreamWriterState.m */ = {isa = PBXFileReference; fileEncoding = 4; lastKnownFileType = sourcecode.c.objc; path = SBJsonStreamWriterState.m; sourceTree = "<group>"; };
		39951ADE14C6425700B33280 /* SBJsonTokeniser.h */ = {isa = PBXFileReference; fileEncoding = 4; lastKnownFileType = sourcecode.c.h; path = SBJsonTokeniser.h; sourceTree = "<group>"; };
		39951ADF14C6425700B33280 /* SBJsonTokeniser.m */ = {isa = PBXFileReference; fileEncoding = 4; lastKnownFileType = sourcecode.c.objc; path = SBJsonTokeniser.m; sourceTree = "<group>"; };
		39951AE014C6425700B33280 /* SBJsonUTF8Stream.h */ = {isa = PBXFileReference; fileEncoding = 4; lastKnownFileType = sourcecode.c.h; path = SBJsonUTF8Stream.h; sourceTree = "<group>"; };
		39951AE114C6425700B33280 /* SBJsonUTF8Stream.m */ = {isa = PBXFileReference; fileEncoding = 4; lastKnownFileType = sourcecode.c.objc; path = SBJsonUTF8Stream.m; sourceTree = "<group>"; };
		39951AE214C6425700B33280 /* SBJsonWriter.h */ = {isa = PBXFileReference; fileEncoding = 4; lastKnownFileType = sourcecode.c.h; path = SBJsonWriter.h; sourceTree = "<group>"; };
		39951AE314C6425700B33280 /* SBJsonWriter.m */ = {isa = PBXFileReference; fileEncoding = 4; lastKnownFileType = sourcecode.c.objc; path = SBJsonWriter.m; sourceTree = "<group>"; };
		39951B4614C6430000B33280 /* Environments.plist */ = {isa = PBXFileReference; fileEncoding = 4; lastKnownFileType = text.plist.xml; path = Environments.plist; sourceTree = "<group>"; };
		39951B4814C6430000B33280 /* Router.h */ = {isa = PBXFileReference; fileEncoding = 4; lastKnownFileType = sourcecode.c.h; path = Router.h; sourceTree = "<group>"; };
		39951B4914C6430000B33280 /* Router.m */ = {isa = PBXFileReference; fileEncoding = 4; lastKnownFileType = sourcecode.c.objc; path = Router.m; sourceTree = "<group>"; };
		39951B6814C6468000B33280 /* Cocoa.framework */ = {isa = PBXFileReference; lastKnownFileType = wrapper.framework; name = Cocoa.framework; path = SDKs/MacOSX10.7.sdk/System/Library/Frameworks/Cocoa.framework; sourceTree = DEVELOPER_DIR; };
		39951B6A14C6476800B33280 /* icon.png */ = {isa = PBXFileReference; lastKnownFileType = image.png; path = icon.png; sourceTree = "<group>"; };
		39951B7F14C64B8300B33280 /* icon.icns */ = {isa = PBXFileReference; lastKnownFileType = image.icns; path = icon.icns; sourceTree = "<group>"; };
		39C14D6814D2EF3F00DFB570 /* AFHTTPClient.h */ = {isa = PBXFileReference; fileEncoding = 4; lastKnownFileType = sourcecode.c.h; path = AFHTTPClient.h; sourceTree = "<group>"; };
		39C14D6914D2EF3F00DFB570 /* AFHTTPClient.m */ = {isa = PBXFileReference; fileEncoding = 4; lastKnownFileType = sourcecode.c.objc; path = AFHTTPClient.m; sourceTree = "<group>"; };
		39C14D6A14D2EF3F00DFB570 /* AFHTTPRequestOperation.h */ = {isa = PBXFileReference; fileEncoding = 4; lastKnownFileType = sourcecode.c.h; path = AFHTTPRequestOperation.h; sourceTree = "<group>"; };
		39C14D6B14D2EF3F00DFB570 /* AFHTTPRequestOperation.m */ = {isa = PBXFileReference; fileEncoding = 4; lastKnownFileType = sourcecode.c.objc; path = AFHTTPRequestOperation.m; sourceTree = "<group>"; };
		39C14D6C14D2EF3F00DFB570 /* AFImageRequestOperation.h */ = {isa = PBXFileReference; fileEncoding = 4; lastKnownFileType = sourcecode.c.h; path = AFImageRequestOperation.h; sourceTree = "<group>"; };
		39C14D6D14D2EF3F00DFB570 /* AFImageRequestOperation.m */ = {isa = PBXFileReference; fileEncoding = 4; lastKnownFileType = sourcecode.c.objc; path = AFImageRequestOperation.m; sourceTree = "<group>"; };
		39C14D6E14D2EF3F00DFB570 /* AFJSONRequestOperation.h */ = {isa = PBXFileReference; fileEncoding = 4; lastKnownFileType = sourcecode.c.h; path = AFJSONRequestOperation.h; sourceTree = "<group>"; };
		39C14D6F14D2EF3F00DFB570 /* AFJSONRequestOperation.m */ = {isa = PBXFileReference; fileEncoding = 4; lastKnownFileType = sourcecode.c.objc; path = AFJSONRequestOperation.m; sourceTree = "<group>"; };
		39C14D7014D2EF3F00DFB570 /* AFJSONUtilities.h */ = {isa = PBXFileReference; fileEncoding = 4; lastKnownFileType = sourcecode.c.h; path = AFJSONUtilities.h; sourceTree = "<group>"; };
		39C14D7114D2EF3F00DFB570 /* AFJSONUtilities.m */ = {isa = PBXFileReference; fileEncoding = 4; lastKnownFileType = sourcecode.c.objc; path = AFJSONUtilities.m; sourceTree = "<group>"; };
		39C14D7214D2EF3F00DFB570 /* AFNetworkActivityIndicatorManager.h */ = {isa = PBXFileReference; fileEncoding = 4; lastKnownFileType = sourcecode.c.h; path = AFNetworkActivityIndicatorManager.h; sourceTree = "<group>"; };
		39C14D7314D2EF3F00DFB570 /* AFNetworkActivityIndicatorManager.m */ = {isa = PBXFileReference; fileEncoding = 4; lastKnownFileType = sourcecode.c.objc; path = AFNetworkActivityIndicatorManager.m; sourceTree = "<group>"; };
		39C14D7414D2EF3F00DFB570 /* AFNetworking.h */ = {isa = PBXFileReference; fileEncoding = 4; lastKnownFileType = sourcecode.c.h; path = AFNetworking.h; sourceTree = "<group>"; };
		39C14D7514D2EF3F00DFB570 /* AFPropertyListRequestOperation.h */ = {isa = PBXFileReference; fileEncoding = 4; lastKnownFileType = sourcecode.c.h; path = AFPropertyListRequestOperation.h; sourceTree = "<group>"; };
		39C14D7614D2EF3F00DFB570 /* AFPropertyListRequestOperation.m */ = {isa = PBXFileReference; fileEncoding = 4; lastKnownFileType = sourcecode.c.objc; path = AFPropertyListRequestOperation.m; sourceTree = "<group>"; };
		39C14D7714D2EF3F00DFB570 /* AFURLConnectionOperation.h */ = {isa = PBXFileReference; fileEncoding = 4; lastKnownFileType = sourcecode.c.h; path = AFURLConnectionOperation.h; sourceTree = "<group>"; };
		39C14D7814D2EF3F00DFB570 /* AFURLConnectionOperation.m */ = {isa = PBXFileReference; fileEncoding = 4; lastKnownFileType = sourcecode.c.objc; path = AFURLConnectionOperation.m; sourceTree = "<group>"; };
		39C14D7914D2EF3F00DFB570 /* AFXMLRequestOperation.h */ = {isa = PBXFileReference; fileEncoding = 4; lastKnownFileType = sourcecode.c.h; path = AFXMLRequestOperation.h; sourceTree = "<group>"; };
		39C14D7A14D2EF3F00DFB570 /* AFXMLRequestOperation.m */ = {isa = PBXFileReference; fileEncoding = 4; lastKnownFileType = sourcecode.c.objc; path = AFXMLRequestOperation.m; sourceTree = "<group>"; };
		39C14D7D14D2EF3F00DFB570 /* UIImageView+AFNetworking.h */ = {isa = PBXFileReference; fileEncoding = 4; lastKnownFileType = sourcecode.c.h; path = "UIImageView+AFNetworking.h"; sourceTree = "<group>"; };
		39C14D7E14D2EF3F00DFB570 /* UIImageView+AFNetworking.m */ = {isa = PBXFileReference; fileEncoding = 4; lastKnownFileType = sourcecode.c.objc; path = "UIImageView+AFNetworking.m"; sourceTree = "<group>"; };
		39C14D8B14D300C500DFB570 /* SRHttpResponse.h */ = {isa = PBXFileReference; fileEncoding = 4; lastKnownFileType = sourcecode.c.h; path = SRHttpResponse.h; sourceTree = "<group>"; };
		39C14D8C14D300C500DFB570 /* SRHttpResponse.m */ = {isa = PBXFileReference; fileEncoding = 4; lastKnownFileType = sourcecode.c.objc; path = SRHttpResponse.m; sourceTree = "<group>"; };
		39FE4E451468164300B111BF /* SignalR.Samples.iOS.app */ = {isa = PBXFileReference; explicitFileType = wrapper.application; includeInIndex = 0; path = SignalR.Samples.iOS.app; sourceTree = BUILT_PRODUCTS_DIR; };
		39FE4E491468164300B111BF /* UIKit.framework */ = {isa = PBXFileReference; lastKnownFileType = wrapper.framework; name = UIKit.framework; path = System/Library/Frameworks/UIKit.framework; sourceTree = SDKROOT; };
		39FE4E4B1468164300B111BF /* Foundation.framework */ = {isa = PBXFileReference; lastKnownFileType = wrapper.framework; name = Foundation.framework; path = System/Library/Frameworks/Foundation.framework; sourceTree = SDKROOT; };
/* End PBXFileReference section */

/* Begin PBXFrameworksBuildPhase section */
		3995197E14C63DCA00B33280 /* Frameworks */ = {
			isa = PBXFrameworksBuildPhase;
			buildActionMask = 2147483647;
			files = (
				39951B6914C6468000B33280 /* Cocoa.framework in Frameworks */,
			);
			runOnlyForDeploymentPostprocessing = 0;
		};
		39FE4E421468164300B111BF /* Frameworks */ = {
			isa = PBXFrameworksBuildPhase;
			buildActionMask = 2147483647;
			files = (
				39FE4E4A1468164300B111BF /* UIKit.framework in Frameworks */,
				39FE4E4C1468164300B111BF /* Foundation.framework in Frameworks */,
			);
			runOnlyForDeploymentPostprocessing = 0;
		};
/* End PBXFrameworksBuildPhase section */

/* Begin PBXGroup section */
		3995198914C63DCB00B33280 /* SignalR.Samples.OSX */ = {
			isa = PBXGroup;
			children = (
				3995199514C63DCB00B33280 /* AppDelegate.h */,
				3995199614C63DCB00B33280 /* AppDelegate.m */,
				3995199814C63DCB00B33280 /* MainMenu.xib */,
				3995198A14C63DCB00B33280 /* Supporting Files */,
			);
			path = SignalR.Samples.OSX;
			sourceTree = "<group>";
		};
		3995198A14C63DCB00B33280 /* Supporting Files */ = {
			isa = PBXGroup;
			children = (
				3995198B14C63DCB00B33280 /* SignalR.Samples.OSX-Info.plist */,
				3995198C14C63DCB00B33280 /* InfoPlist.strings */,
				3995198F14C63DCB00B33280 /* main.m */,
				3995199114C63DCB00B33280 /* SignalR.Samples.OSX-Prefix.pch */,
				3995199214C63DCB00B33280 /* Credits.rtf */,
			);
			name = "Supporting Files";
			sourceTree = "<group>";
		};
		3995199F14C63E5000B33280 /* Controllers */ = {
			isa = PBXGroup;
			children = (
				399519A014C63E5000B33280 /* AppDelegate.h */,
				399519A114C63E5000B33280 /* AppDelegate.m */,
				399519A214C63E5000B33280 /* ChatViewController.h */,
				399519A314C63E5000B33280 /* ChatViewController.m */,
				399519A414C63E5000B33280 /* ConnectionStatusViewController.h */,
				399519A514C63E5000B33280 /* ConnectionStatusViewController.m */,
				399519A614C63E5000B33280 /* MasterViewController.h */,
				399519A714C63E5000B33280 /* MasterViewController.m */,
				399519A814C63E5000B33280 /* MouseTrackingViewController.h */,
				399519A914C63E5000B33280 /* MouseTrackingViewController.m */,
				399519AA14C63E5000B33280 /* RawViewController.h */,
				399519AB14C63E5000B33280 /* RawViewController.m */,
				399519AC14C63E5000B33280 /* StreamingViewController.h */,
				399519AD14C63E5000B33280 /* StreamingViewController.m */,
			);
			name = Controllers;
			path = SignalR.Samples.iOS/Controllers;
			sourceTree = SOURCE_ROOT;
		};
		399519C014C63FE800B33280 /* Views */ = {
			isa = PBXGroup;
			children = (
				399519C114C63FF500B33280 /* MainStoryboard.storyboard */,
			);
			name = Views;
			sourceTree = "<group>";
		};
		39951A7714C6425600B33280 /* SignalR.Client */ = {
			isa = PBXGroup;
			children = (
				39951A7814C6425600B33280 /* Hubs */,
				39951A8C14C6425600B33280 /* Infrastructure */,
				39951A9514C6425600B33280 /* SignalR.h */,
				39951A9614C6425600B33280 /* SRConnection.h */,
				39951A9714C6425600B33280 /* SRConnection.m */,
				39951A9814C6425600B33280 /* SRConnectionExtensions.h */,
				39951A9914C6425600B33280 /* SRConnectionExtensions.m */,
				39951A9A14C6425600B33280 /* SRNegotiationResponse.h */,
				39951A9B14C6425600B33280 /* SRNegotiationResponse.m */,
				39951A9D14C6425600B33280 /* Transports */,
			);
			name = SignalR.Client;
			path = ../../SignalR.Client;
			sourceTree = "<group>";
		};
		39951A7814C6425600B33280 /* Hubs */ = {
			isa = PBXGroup;
			children = (
				39951A7914C6425600B33280 /* SRHubClientInvocation.h */,
				39951A7A14C6425600B33280 /* SRHubClientInvocation.m */,
				39951A7B14C6425600B33280 /* SRHubConnection.h */,
				39951A7C14C6425600B33280 /* SRHubConnection.m */,
				39951A7D14C6425600B33280 /* SRHubProxy.h */,
				39951A7E14C6425600B33280 /* SRHubProxy.m */,
				39951A7F14C6425600B33280 /* SRHubProxyExtensions.h */,
				39951A8014C6425600B33280 /* SRHubProxyExtensions.m */,
				39951A8114C6425600B33280 /* SRHubRegistrationData.h */,
				39951A8214C6425600B33280 /* SRHubRegistrationData.m */,
				39951A8314C6425600B33280 /* SRHubResult.h */,
				39951A8414C6425600B33280 /* SRHubResult.m */,
				39951A8514C6425600B33280 /* SRHubs.h */,
				39951A8614C6425600B33280 /* SRHubservable.h */,
				39951A8714C6425600B33280 /* SRHubservable.m */,
				39951A8814C6425600B33280 /* SRHubServerInvocation.h */,
				39951A8914C6425600B33280 /* SRHubServerInvocation.m */,
				39951A8A14C6425600B33280 /* SRSubscription.h */,
				39951A8B14C6425600B33280 /* SRSubscription.m */,
			);
			path = Hubs;
			sourceTree = "<group>";
		};
		39951A8C14C6425600B33280 /* Infrastructure */ = {
			isa = PBXGroup;
			children = (
				39951A8D14C6425600B33280 /* NSDictionary+QueryString.h */,
				39951A8E14C6425600B33280 /* NSDictionary+QueryString.m */,
				39951A8F14C6425600B33280 /* NSString+QueryString.h */,
				39951A9014C6425600B33280 /* NSString+QueryString.m */,
				39951A9114C6425600B33280 /* SRHttpHelper.h */,
				39951A9214C6425600B33280 /* SRHttpHelper.m */,
				39C14D8B14D300C500DFB570 /* SRHttpResponse.h */,
				39C14D8C14D300C500DFB570 /* SRHttpResponse.m */,
				39951A9314C6425600B33280 /* SRVersion.h */,
				39951A9414C6425600B33280 /* SRVersion.m */,
			);
			path = Infrastructure;
			sourceTree = "<group>";
		};
		39951A9D14C6425600B33280 /* Transports */ = {
			isa = PBXGroup;
			children = (
				39951A9E14C6425600B33280 /* SRAutoTransport.h */,
				39951A9F14C6425600B33280 /* SRAutoTransport.m */,
				3905059D14D0965D0054EB14 /* SRClientTransport+Constants.h */,
				39951AA014C6425600B33280 /* SRClientTransport.h */,
				39951AA114C6425600B33280 /* SRHttpBasedTransport.h */,
				39951AA214C6425600B33280 /* SRHttpBasedTransport.m */,
				39951AA314C6425600B33280 /* SRLongPollingTransport.h */,
				39951AA414C6425600B33280 /* SRLongPollingTransport.m */,
				39951AA514C6425600B33280 /* SRServerSentEventsTransport.h */,
				39951AA614C6425600B33280 /* SRServerSentEventsTransport.m */,
				39951AA714C6425600B33280 /* SRTransport.h */,
				39951AA814C6425600B33280 /* SRTransport.m */,
			);
			path = Transports;
			sourceTree = "<group>";
		};
		39951AA914C6425600B33280 /* Vendor */ = {
			isa = PBXGroup;
			children = (
				39C14D6714D2EF3F00DFB570 /* AFNetworking */,
				39951AC814C6425700B33280 /* SBJSON */,
			);
			name = Vendor;
			path = ../../Vendor;
			sourceTree = "<group>";
		};
		39951AC814C6425700B33280 /* SBJSON */ = {
			isa = PBXGroup;
			children = (
				39951ACA14C6425700B33280 /* NSObject+SBJson.h */,
				39951ACB14C6425700B33280 /* NSObject+SBJson.m */,
				39951ACD14C6425700B33280 /* SBJson.h */,
				39951ACE14C6425700B33280 /* SBJsonParser.h */,
				39951ACF14C6425700B33280 /* SBJsonParser.m */,
				39951AD014C6425700B33280 /* SBJsonStreamParser.h */,
				39951AD114C6425700B33280 /* SBJsonStreamParser.m */,
				39951AD214C6425700B33280 /* SBJsonStreamParserAccumulator.h */,
				39951AD314C6425700B33280 /* SBJsonStreamParserAccumulator.m */,
				39951AD414C6425700B33280 /* SBJsonStreamParserAdapter.h */,
				39951AD514C6425700B33280 /* SBJsonStreamParserAdapter.m */,
				39951AD614C6425700B33280 /* SBJsonStreamParserState.h */,
				39951AD714C6425700B33280 /* SBJsonStreamParserState.m */,
				39951AD814C6425700B33280 /* SBJsonStreamWriter.h */,
				39951AD914C6425700B33280 /* SBJsonStreamWriter.m */,
				39951ADA14C6425700B33280 /* SBJsonStreamWriterAccumulator.h */,
				39951ADB14C6425700B33280 /* SBJsonStreamWriterAccumulator.m */,
				39951ADC14C6425700B33280 /* SBJsonStreamWriterState.h */,
				39951ADD14C6425700B33280 /* SBJsonStreamWriterState.m */,
				39951ADE14C6425700B33280 /* SBJsonTokeniser.h */,
				39951ADF14C6425700B33280 /* SBJsonTokeniser.m */,
				39951AE014C6425700B33280 /* SBJsonUTF8Stream.h */,
				39951AE114C6425700B33280 /* SBJsonUTF8Stream.m */,
				39951AE214C6425700B33280 /* SBJsonWriter.h */,
				39951AE314C6425700B33280 /* SBJsonWriter.m */,
			);
			path = SBJSON;
			sourceTree = "<group>";
		};
		39951B4514C6430000B33280 /* SignalR.Samples.Common */ = {
			isa = PBXGroup;
			children = (
				39951B4614C6430000B33280 /* Environments.plist */,
				39951B4714C6430000B33280 /* Helpers */,
			);
			path = SignalR.Samples.Common;
			sourceTree = "<group>";
		};
		39951B4714C6430000B33280 /* Helpers */ = {
			isa = PBXGroup;
			children = (
				39951B4814C6430000B33280 /* Router.h */,
				39951B4914C6430000B33280 /* Router.m */,
			);
			path = Helpers;
			sourceTree = "<group>";
		};
		39951B5814C6446600B33280 /* Frameworks.OSX */ = {
			isa = PBXGroup;
			children = (
				39951B6814C6468000B33280 /* Cocoa.framework */,
			);
			name = Frameworks.OSX;
			sourceTree = "<group>";
		};
		39951B5914C6447800B33280 /* Frameworks.Common */ = {
			isa = PBXGroup;
			children = (
				39FE4E4B1468164300B111BF /* Foundation.framework */,
			);
			name = Frameworks.Common;
			sourceTree = "<group>";
		};
		39C14D6714D2EF3F00DFB570 /* AFNetworking */ = {
			isa = PBXGroup;
			children = (
				39C14D6814D2EF3F00DFB570 /* AFHTTPClient.h */,
				39C14D6914D2EF3F00DFB570 /* AFHTTPClient.m */,
				39C14D6A14D2EF3F00DFB570 /* AFHTTPRequestOperation.h */,
				39C14D6B14D2EF3F00DFB570 /* AFHTTPRequestOperation.m */,
				39C14D6C14D2EF3F00DFB570 /* AFImageRequestOperation.h */,
				39C14D6D14D2EF3F00DFB570 /* AFImageRequestOperation.m */,
				39C14D6E14D2EF3F00DFB570 /* AFJSONRequestOperation.h */,
				39C14D6F14D2EF3F00DFB570 /* AFJSONRequestOperation.m */,
				39C14D7014D2EF3F00DFB570 /* AFJSONUtilities.h */,
				39C14D7114D2EF3F00DFB570 /* AFJSONUtilities.m */,
				39C14D7214D2EF3F00DFB570 /* AFNetworkActivityIndicatorManager.h */,
				39C14D7314D2EF3F00DFB570 /* AFNetworkActivityIndicatorManager.m */,
				39C14D7414D2EF3F00DFB570 /* AFNetworking.h */,
				39C14D7514D2EF3F00DFB570 /* AFPropertyListRequestOperation.h */,
				39C14D7614D2EF3F00DFB570 /* AFPropertyListRequestOperation.m */,
				39C14D7714D2EF3F00DFB570 /* AFURLConnectionOperation.h */,
				39C14D7814D2EF3F00DFB570 /* AFURLConnectionOperation.m */,
				39C14D7914D2EF3F00DFB570 /* AFXMLRequestOperation.h */,
				39C14D7A14D2EF3F00DFB570 /* AFXMLRequestOperation.m */,
				39C14D7D14D2EF3F00DFB570 /* UIImageView+AFNetworking.h */,
				39C14D7E14D2EF3F00DFB570 /* UIImageView+AFNetworking.m */,
			);
			path = AFNetworking;
			sourceTree = "<group>";
		};
		39FE4E3A1468164200B111BF = {
			isa = PBXGroup;
			children = (
				39951B7F14C64B8300B33280 /* icon.icns */,
				39951B6A14C6476800B33280 /* icon.png */,
				39951A7714C6425600B33280 /* SignalR.Client */,
				39951AA914C6425600B33280 /* Vendor */,
				39951B4514C6430000B33280 /* SignalR.Samples.Common */,
				39FE4E4F1468164300B111BF /* SignalR.Samples.iOS */,
				3995198914C63DCB00B33280 /* SignalR.Samples.OSX */,
				39951B5914C6447800B33280 /* Frameworks.Common */,
				39FE4E481468164300B111BF /* Frameworks.iOS */,
				39951B5814C6446600B33280 /* Frameworks.OSX */,
				39FE4E461468164300B111BF /* Products */,
			);
			sourceTree = "<group>";
		};
		39FE4E461468164300B111BF /* Products */ = {
			isa = PBXGroup;
			children = (
				39FE4E451468164300B111BF /* SignalR.Samples.iOS.app */,
				3995198114C63DCA00B33280 /* SignalR.Samples.OSX.app */,
			);
			name = Products;
			sourceTree = "<group>";
		};
		39FE4E481468164300B111BF /* Frameworks.iOS */ = {
			isa = PBXGroup;
			children = (
				39FE4E491468164300B111BF /* UIKit.framework */,
			);
			name = Frameworks.iOS;
			sourceTree = "<group>";
		};
		39FE4E4F1468164300B111BF /* SignalR.Samples.iOS */ = {
			isa = PBXGroup;
			children = (
				3995199F14C63E5000B33280 /* Controllers */,
				399519C014C63FE800B33280 /* Views */,
				39FE4E501468164300B111BF /* Supporting Files */,
			);
			name = SignalR.Samples.iOS;
			path = SignalR;
			sourceTree = "<group>";
		};
		39FE4E501468164300B111BF /* Supporting Files */ = {
			isa = PBXGroup;
			children = (
				399519BC14C63E6D00B33280 /* SignalR.Samples.iOS-Info.plist */,
				399519BA14C63E6D00B33280 /* main.m */,
				399519BB14C63E6D00B33280 /* SignalR.Samples.iOS-Prefix.pch */,
			);
			name = "Supporting Files";
			sourceTree = "<group>";
		};
/* End PBXGroup section */

/* Begin PBXNativeTarget section */
		3995198014C63DCA00B33280 /* SignalR.Samples.OSX */ = {
			isa = PBXNativeTarget;
			buildConfigurationList = 3995199D14C63DCB00B33280 /* Build configuration list for PBXNativeTarget "SignalR.Samples.OSX" */;
			buildPhases = (
				3995197D14C63DCA00B33280 /* Sources */,
				3995197E14C63DCA00B33280 /* Frameworks */,
				3995197F14C63DCA00B33280 /* Resources */,
			);
			buildRules = (
			);
			dependencies = (
			);
			name = SignalR.Samples.OSX;
			productName = SignalR.Samples.OSX;
			productReference = 3995198114C63DCA00B33280 /* SignalR.Samples.OSX.app */;
			productType = "com.apple.product-type.application";
		};
		39FE4E441468164300B111BF /* SignalR.Samples.iOS */ = {
			isa = PBXNativeTarget;
			buildConfigurationList = 39FE4E7B1468164300B111BF /* Build configuration list for PBXNativeTarget "SignalR.Samples.iOS" */;
			buildPhases = (
				39FE4E411468164300B111BF /* Sources */,
				39FE4E421468164300B111BF /* Frameworks */,
				39FE4E431468164300B111BF /* Resources */,
			);
			buildRules = (
			);
			dependencies = (
			);
			name = SignalR.Samples.iOS;
			productName = SignalR;
			productReference = 39FE4E451468164300B111BF /* SignalR.Samples.iOS.app */;
			productType = "com.apple.product-type.application";
		};
/* End PBXNativeTarget section */

/* Begin PBXProject section */
		39FE4E3C1468164300B111BF /* Project object */ = {
			isa = PBXProject;
			attributes = {
				LastUpgradeCheck = 0420;
				ORGANIZATIONNAME = "DyKnow LLC";
			};
			buildConfigurationList = 39FE4E3F1468164300B111BF /* Build configuration list for PBXProject "SignalR.Samples" */;
			compatibilityVersion = "Xcode 3.2";
			developmentRegion = English;
			hasScannedForEncodings = 0;
			knownRegions = (
				en,
			);
			mainGroup = 39FE4E3A1468164200B111BF;
			productRefGroup = 39FE4E461468164300B111BF /* Products */;
			projectDirPath = "";
			projectRoot = "";
			targets = (
				39FE4E441468164300B111BF /* SignalR.Samples.iOS */,
				3995198014C63DCA00B33280 /* SignalR.Samples.OSX */,
			);
		};
/* End PBXProject section */

/* Begin PBXResourcesBuildPhase section */
		3995197F14C63DCA00B33280 /* Resources */ = {
			isa = PBXResourcesBuildPhase;
			buildActionMask = 2147483647;
			files = (
				3995198E14C63DCB00B33280 /* InfoPlist.strings in Resources */,
				3995199414C63DCB00B33280 /* Credits.rtf in Resources */,
				3995199A14C63DCB00B33280 /* MainMenu.xib in Resources */,
				39951B4B14C6430000B33280 /* Environments.plist in Resources */,
				39951B6B14C6476800B33280 /* icon.png in Resources */,
				39951B8014C64B8300B33280 /* icon.icns in Resources */,
			);
			runOnlyForDeploymentPostprocessing = 0;
		};
		39FE4E431468164300B111BF /* Resources */ = {
			isa = PBXResourcesBuildPhase;
			buildActionMask = 2147483647;
			files = (
				399519C314C63FF500B33280 /* MainStoryboard.storyboard in Resources */,
				39951B4A14C6430000B33280 /* Environments.plist in Resources */,
				39951B6C14C647BB00B33280 /* icon.png in Resources */,
			);
			runOnlyForDeploymentPostprocessing = 0;
		};
/* End PBXResourcesBuildPhase section */

/* Begin PBXSourcesBuildPhase section */
		3995197D14C63DCA00B33280 /* Sources */ = {
			isa = PBXSourcesBuildPhase;
			buildActionMask = 2147483647;
			files = (
				3995199014C63DCB00B33280 /* main.m in Sources */,
				3995199714C63DCB00B33280 /* AppDelegate.m in Sources */,
				39951AE514C6425700B33280 /* SRHubClientInvocation.m in Sources */,
				39951AE714C6425700B33280 /* SRHubConnection.m in Sources */,
				39951AE914C6425700B33280 /* SRHubProxy.m in Sources */,
				39951AEB14C6425700B33280 /* SRHubProxyExtensions.m in Sources */,
				39951AED14C6425700B33280 /* SRHubRegistrationData.m in Sources */,
				39951AEF14C6425700B33280 /* SRHubResult.m in Sources */,
				39951AF114C6425700B33280 /* SRHubservable.m in Sources */,
				39951AF314C6425700B33280 /* SRHubServerInvocation.m in Sources */,
				39951AF514C6425700B33280 /* SRSubscription.m in Sources */,
				39951AF714C6425700B33280 /* NSDictionary+QueryString.m in Sources */,
				39951AF914C6425700B33280 /* NSString+QueryString.m in Sources */,
				39951AFB14C6425700B33280 /* SRHttpHelper.m in Sources */,
				39951AFD14C6425700B33280 /* SRVersion.m in Sources */,
				39951AFF14C6425700B33280 /* SRConnection.m in Sources */,
				39951B0114C6425700B33280 /* SRConnectionExtensions.m in Sources */,
				39951B0314C6425700B33280 /* SRNegotiationResponse.m in Sources */,
				39951B0514C6425700B33280 /* SRAutoTransport.m in Sources */,
				39951B0714C6425700B33280 /* SRHttpBasedTransport.m in Sources */,
				39951B0914C6425700B33280 /* SRLongPollingTransport.m in Sources */,
				39951B0B14C6425700B33280 /* SRServerSentEventsTransport.m in Sources */,
				39951B0D14C6425700B33280 /* SRTransport.m in Sources */,
				39951B2B14C6425700B33280 /* NSObject+SBJson.m in Sources */,
				39951B2F14C6425700B33280 /* SBJsonParser.m in Sources */,
				39951B3114C6425700B33280 /* SBJsonStreamParser.m in Sources */,
				39951B3314C6425700B33280 /* SBJsonStreamParserAccumulator.m in Sources */,
				39951B3514C6425700B33280 /* SBJsonStreamParserAdapter.m in Sources */,
				39951B3714C6425700B33280 /* SBJsonStreamParserState.m in Sources */,
				39951B3914C6425700B33280 /* SBJsonStreamWriter.m in Sources */,
				39951B3B14C6425700B33280 /* SBJsonStreamWriterAccumulator.m in Sources */,
				39951B3D14C6425700B33280 /* SBJsonStreamWriterState.m in Sources */,
				39951B3F14C6425700B33280 /* SBJsonTokeniser.m in Sources */,
				39951B4114C6425700B33280 /* SBJsonUTF8Stream.m in Sources */,
				39951B4314C6425700B33280 /* SBJsonWriter.m in Sources */,
				39951B4D14C6430000B33280 /* Router.m in Sources */,
			);
			runOnlyForDeploymentPostprocessing = 0;
		};
		39FE4E411468164300B111BF /* Sources */ = {
			isa = PBXSourcesBuildPhase;
			buildActionMask = 2147483647;
			files = (
				399519B114C63E5000B33280 /* AppDelegate.m in Sources */,
				399519B214C63E5000B33280 /* ChatViewController.m in Sources */,
				399519B314C63E5000B33280 /* ConnectionStatusViewController.m in Sources */,
				399519B414C63E5000B33280 /* MasterViewController.m in Sources */,
				399519B514C63E5000B33280 /* MouseTrackingViewController.m in Sources */,
				399519B614C63E5000B33280 /* RawViewController.m in Sources */,
				399519B714C63E5000B33280 /* StreamingViewController.m in Sources */,
				399519BE14C63E6D00B33280 /* main.m in Sources */,
				39951AE414C6425700B33280 /* SRHubClientInvocation.m in Sources */,
				39951AE614C6425700B33280 /* SRHubConnection.m in Sources */,
				39951AE814C6425700B33280 /* SRHubProxy.m in Sources */,
				39951AEA14C6425700B33280 /* SRHubProxyExtensions.m in Sources */,
				39951AEC14C6425700B33280 /* SRHubRegistrationData.m in Sources */,
				39951AEE14C6425700B33280 /* SRHubResult.m in Sources */,
				39951AF014C6425700B33280 /* SRHubservable.m in Sources */,
				39951AF214C6425700B33280 /* SRHubServerInvocation.m in Sources */,
				39951AF414C6425700B33280 /* SRSubscription.m in Sources */,
				39951AF614C6425700B33280 /* NSDictionary+QueryString.m in Sources */,
				39951AF814C6425700B33280 /* NSString+QueryString.m in Sources */,
				39951AFA14C6425700B33280 /* SRHttpHelper.m in Sources */,
				39951AFC14C6425700B33280 /* SRVersion.m in Sources */,
				39951AFE14C6425700B33280 /* SRConnection.m in Sources */,
				39951B0014C6425700B33280 /* SRConnectionExtensions.m in Sources */,
				39951B0214C6425700B33280 /* SRNegotiationResponse.m in Sources */,
				39951B0414C6425700B33280 /* SRAutoTransport.m in Sources */,
				39951B0614C6425700B33280 /* SRHttpBasedTransport.m in Sources */,
				39951B0814C6425700B33280 /* SRLongPollingTransport.m in Sources */,
				39951B0A14C6425700B33280 /* SRServerSentEventsTransport.m in Sources */,
				39951B0C14C6425700B33280 /* SRTransport.m in Sources */,
				39951B2A14C6425700B33280 /* NSObject+SBJson.m in Sources */,
				39951B2E14C6425700B33280 /* SBJsonParser.m in Sources */,
				39951B3014C6425700B33280 /* SBJsonStreamParser.m in Sources */,
				39951B3214C6425700B33280 /* SBJsonStreamParserAccumulator.m in Sources */,
				39951B3414C6425700B33280 /* SBJsonStreamParserAdapter.m in Sources */,
				39951B3614C6425700B33280 /* SBJsonStreamParserState.m in Sources */,
				39951B3814C6425700B33280 /* SBJsonStreamWriter.m in Sources */,
				39951B3A14C6425700B33280 /* SBJsonStreamWriterAccumulator.m in Sources */,
				39951B3C14C6425700B33280 /* SBJsonStreamWriterState.m in Sources */,
				39951B3E14C6425700B33280 /* SBJsonTokeniser.m in Sources */,
				39951B4014C6425700B33280 /* SBJsonUTF8Stream.m in Sources */,
				39951B4214C6425700B33280 /* SBJsonWriter.m in Sources */,
				39951B4C14C6430000B33280 /* Router.m in Sources */,
				39C14D7F14D2EF3F00DFB570 /* AFHTTPClient.m in Sources */,
				39C14D8014D2EF3F00DFB570 /* AFHTTPRequestOperation.m in Sources */,
				39C14D8114D2EF3F00DFB570 /* AFImageRequestOperation.m in Sources */,
				39C14D8214D2EF3F00DFB570 /* AFJSONRequestOperation.m in Sources */,
				39C14D8314D2EF3F00DFB570 /* AFJSONUtilities.m in Sources */,
				39C14D8414D2EF3F00DFB570 /* AFNetworkActivityIndicatorManager.m in Sources */,
				39C14D8514D2EF3F00DFB570 /* AFPropertyListRequestOperation.m in Sources */,
				39C14D8614D2EF3F00DFB570 /* AFURLConnectionOperation.m in Sources */,
				39C14D8714D2EF3F00DFB570 /* AFXMLRequestOperation.m in Sources */,
				39C14D8A14D2EF3F00DFB570 /* UIImageView+AFNetworking.m in Sources */,
				39C14D8D14D300C500DFB570 /* SRHttpResponse.m in Sources */,
			);
			runOnlyForDeploymentPostprocessing = 0;
		};
/* End PBXSourcesBuildPhase section */

/* Begin PBXVariantGroup section */
		3995198C14C63DCB00B33280 /* InfoPlist.strings */ = {
			isa = PBXVariantGroup;
			children = (
				3995198D14C63DCB00B33280 /* en */,
			);
			name = InfoPlist.strings;
			sourceTree = "<group>";
		};
		3995199214C63DCB00B33280 /* Credits.rtf */ = {
			isa = PBXVariantGroup;
			children = (
				3995199314C63DCB00B33280 /* en */,
			);
			name = Credits.rtf;
			sourceTree = "<group>";
		};
		3995199814C63DCB00B33280 /* MainMenu.xib */ = {
			isa = PBXVariantGroup;
			children = (
				3995199914C63DCB00B33280 /* en */,
			);
			name = MainMenu.xib;
			sourceTree = "<group>";
		};
		399519C114C63FF500B33280 /* MainStoryboard.storyboard */ = {
			isa = PBXVariantGroup;
			children = (
				399519C214C63FF500B33280 /* en */,
			);
			name = MainStoryboard.storyboard;
			sourceTree = "<group>";
		};
/* End PBXVariantGroup section */

/* Begin XCBuildConfiguration section */
		3995199B14C63DCB00B33280 /* Debug */ = {
			isa = XCBuildConfiguration;
			buildSettings = {
				ARCHS = "$(ARCHS_STANDARD_64_BIT)";
				FRAMEWORK_SEARCH_PATHS = (
					"$(inherited)",
					"\"$(DEVELOPER_FRAMEWORKS_DIR)\"",
				);
				GCC_ENABLE_OBJC_EXCEPTIONS = YES;
				GCC_PRECOMPILE_PREFIX_HEADER = YES;
				GCC_PREFIX_HEADER = "SignalR.Samples.OSX/SignalR.Samples.OSX-Prefix.pch";
				GCC_WARN_64_TO_32_BIT_CONVERSION = YES;
				INFOPLIST_FILE = "SignalR.Samples.OSX/SignalR.Samples.OSX-Info.plist";
				MACOSX_DEPLOYMENT_TARGET = 10.7;
				ONLY_ACTIVE_ARCH = YES;
				PRODUCT_NAME = "$(TARGET_NAME)";
				SDKROOT = macosx;
				WRAPPER_EXTENSION = app;
			};
			name = Debug;
		};
		3995199C14C63DCB00B33280 /* Release */ = {
			isa = XCBuildConfiguration;
			buildSettings = {
				ARCHS = "$(ARCHS_STANDARD_64_BIT)";
				DEBUG_INFORMATION_FORMAT = "dwarf-with-dsym";
				FRAMEWORK_SEARCH_PATHS = (
					"$(inherited)",
					"\"$(DEVELOPER_FRAMEWORKS_DIR)\"",
				);
				GCC_ENABLE_OBJC_EXCEPTIONS = YES;
				GCC_PRECOMPILE_PREFIX_HEADER = YES;
				GCC_PREFIX_HEADER = "SignalR.Samples.OSX/SignalR.Samples.OSX-Prefix.pch";
				GCC_WARN_64_TO_32_BIT_CONVERSION = YES;
				INFOPLIST_FILE = "SignalR.Samples.OSX/SignalR.Samples.OSX-Info.plist";
				MACOSX_DEPLOYMENT_TARGET = 10.7;
				PRODUCT_NAME = "$(TARGET_NAME)";
				SDKROOT = macosx;
				WRAPPER_EXTENSION = app;
			};
			name = Release;
		};
		39FE4E791468164300B111BF /* Debug */ = {
			isa = XCBuildConfiguration;
			buildSettings = {
				ALWAYS_SEARCH_USER_PATHS = NO;
				ARCHS = "$(ARCHS_STANDARD_32_BIT)";
				CLANG_ENABLE_OBJC_ARC = YES;
				"CODE_SIGN_IDENTITY[sdk=iphoneos*]" = "iPhone Developer";
				COPY_PHASE_STRIP = NO;
				GCC_C_LANGUAGE_STANDARD = gnu99;
				GCC_DYNAMIC_NO_PIC = NO;
				GCC_OPTIMIZATION_LEVEL = 0;
				GCC_PREPROCESSOR_DEFINITIONS = (
					"DEBUG=1",
					"$(inherited)",
				);
				GCC_SYMBOLS_PRIVATE_EXTERN = NO;
				GCC_VERSION = com.apple.compilers.llvm.clang.1_0;
				GCC_WARN_ABOUT_MISSING_PROTOTYPES = YES;
				GCC_WARN_ABOUT_RETURN_TYPE = YES;
				GCC_WARN_UNUSED_VARIABLE = YES;
				INFOPLIST_FILE = "";
				IPHONEOS_DEPLOYMENT_TARGET = 5.0;
				SDKROOT = iphoneos;
				TARGETED_DEVICE_FAMILY = 2;
			};
			name = Debug;
		};
		39FE4E7A1468164300B111BF /* Release */ = {
			isa = XCBuildConfiguration;
			buildSettings = {
				ALWAYS_SEARCH_USER_PATHS = NO;
				ARCHS = "$(ARCHS_STANDARD_32_BIT)";
				CLANG_ENABLE_OBJC_ARC = YES;
				"CODE_SIGN_IDENTITY[sdk=iphoneos*]" = "iPhone Developer";
				COPY_PHASE_STRIP = YES;
				GCC_C_LANGUAGE_STANDARD = gnu99;
				GCC_VERSION = com.apple.compilers.llvm.clang.1_0;
				GCC_WARN_ABOUT_MISSING_PROTOTYPES = YES;
				GCC_WARN_ABOUT_RETURN_TYPE = YES;
				GCC_WARN_UNUSED_VARIABLE = YES;
				INFOPLIST_FILE = "";
				IPHONEOS_DEPLOYMENT_TARGET = 5.0;
				OTHER_CFLAGS = "-DNS_BLOCK_ASSERTIONS=1";
				SDKROOT = iphoneos;
				TARGETED_DEVICE_FAMILY = 2;
				VALIDATE_PRODUCT = YES;
			};
			name = Release;
		};
		39FE4E7C1468164300B111BF /* Debug */ = {
			isa = XCBuildConfiguration;
			buildSettings = {
				GCC_PRECOMPILE_PREFIX_HEADER = YES;
				GCC_PREFIX_HEADER = "SignalR.Samples.iOS/SignalR.Samples.iOS-Prefix.pch";
				INFOPLIST_FILE = "SignalR.Samples.iOS/SignalR.Samples.iOS-Info.plist";
				PRODUCT_NAME = SignalR.Samples.iOS;
				WRAPPER_EXTENSION = app;
			};
			name = Debug;
		};
		39FE4E7D1468164300B111BF /* Release */ = {
			isa = XCBuildConfiguration;
			buildSettings = {
				GCC_PRECOMPILE_PREFIX_HEADER = YES;
				GCC_PREFIX_HEADER = "SignalR.Samples.iOS/SignalR.Samples.iOS-Prefix.pch";
				INFOPLIST_FILE = "SignalR.Samples.iOS/SignalR.Samples.iOS-Info.plist";
				PRODUCT_NAME = SignalR.Samples.iOS;
				WRAPPER_EXTENSION = app;
			};
			name = Release;
		};
/* End XCBuildConfiguration section */

/* Begin XCConfigurationList section */
		3995199D14C63DCB00B33280 /* Build configuration list for PBXNativeTarget "SignalR.Samples.OSX" */ = {
			isa = XCConfigurationList;
			buildConfigurations = (
				3995199B14C63DCB00B33280 /* Debug */,
				3995199C14C63DCB00B33280 /* Release */,
			);
			defaultConfigurationIsVisible = 0;
			defaultConfigurationName = Release;
		};
		39FE4E3F1468164300B111BF /* Build configuration list for PBXProject "SignalR.Samples" */ = {
			isa = XCConfigurationList;
			buildConfigurations = (
				39FE4E791468164300B111BF /* Debug */,
				39FE4E7A1468164300B111BF /* Release */,
			);
			defaultConfigurationIsVisible = 0;
			defaultConfigurationName = Release;
		};
		39FE4E7B1468164300B111BF /* Build configuration list for PBXNativeTarget "SignalR.Samples.iOS" */ = {
			isa = XCConfigurationList;
			buildConfigurations = (
				39FE4E7C1468164300B111BF /* Debug */,
				39FE4E7D1468164300B111BF /* Release */,
			);
			defaultConfigurationIsVisible = 0;
			defaultConfigurationName = Release;
		};
/* End XCConfigurationList section */
	};
	rootObject = 39FE4E3C1468164300B111BF /* Project object */;
}
